// !$*UTF8*$!
{
	archiveVersion = 1;
	classes = {
	};
	objectVersion = 46;
	objects = {

/* Begin PBXBuildFile section */
		EB10522B1AB670B7006CEBBE /* main.m in Sources */ = {isa = PBXBuildFile; fileRef = EB10522A1AB670B7006CEBBE /* main.m */; };
		EB10522E1AB670B7006CEBBE /* AppDelegate.m in Sources */ = {isa = PBXBuildFile; fileRef = EB10522D1AB670B7006CEBBE /* AppDelegate.m */; };
		EB1052341AB670B7006CEBBE /* Main.storyboard in Resources */ = {isa = PBXBuildFile; fileRef = EB1052321AB670B7006CEBBE /* Main.storyboard */; };
		EB1052361AB670B7006CEBBE /* Images.xcassets in Resources */ = {isa = PBXBuildFile; fileRef = EB1052351AB670B7006CEBBE /* Images.xcassets */; };
		EB1052451AB670B7006CEBBE /* RevibeTests.m in Sources */ = {isa = PBXBuildFile; fileRef = EB1052441AB670B7006CEBBE /* RevibeTests.m */; };
		EB1052501AB6713F006CEBBE /* MainView.m in Sources */ = {isa = PBXBuildFile; fileRef = EB10524F1AB6713F006CEBBE /* MainView.m */; };
		EB1052541AB6716A006CEBBE /* ContactsView.m in Sources */ = {isa = PBXBuildFile; fileRef = EB1052531AB6716A006CEBBE /* ContactsView.m */; };
		EB1052571AB6717A006CEBBE /* SettingsView.m in Sources */ = {isa = PBXBuildFile; fileRef = EB1052561AB6717A006CEBBE /* SettingsView.m */; };
		EB1052621AB67239006CEBBE /* NavigationController.m in Sources */ = {isa = PBXBuildFile; fileRef = EB1052611AB67239006CEBBE /* NavigationController.m */; };
		EB1052661AB6725F006CEBBE /* utilities.m in Sources */ = {isa = PBXBuildFile; fileRef = EB1052651AB6725F006CEBBE /* utilities.m */; };
		EB10526C1AB6734B006CEBBE /* Bolts.framework in Frameworks */ = {isa = PBXBuildFile; fileRef = EB1052681AB6734B006CEBBE /* Bolts.framework */; };
		EB10526D1AB6734B006CEBBE /* Firebase.framework in Frameworks */ = {isa = PBXBuildFile; fileRef = EB1052691AB6734B006CEBBE /* Firebase.framework */; };
		EB10526E1AB6734B006CEBBE /* Parse.framework in Frameworks */ = {isa = PBXBuildFile; fileRef = EB10526A1AB6734B006CEBBE /* Parse.framework */; };
		EB10526F1AB6734B006CEBBE /* ParseUI.framework in Frameworks */ = {isa = PBXBuildFile; fileRef = EB10526B1AB6734B006CEBBE /* ParseUI.framework */; };
		EB1052731AB676AE006CEBBE /* LoginView.m in Sources */ = {isa = PBXBuildFile; fileRef = EB1052721AB676AE006CEBBE /* LoginView.m */; };
		EB1052761AB676BA006CEBBE /* RegisterView.m in Sources */ = {isa = PBXBuildFile; fileRef = EB1052751AB676BA006CEBBE /* RegisterView.m */; };
		EB1052791AB676DE006CEBBE /* WelcomeView.m in Sources */ = {isa = PBXBuildFile; fileRef = EB1052781AB676DE006CEBBE /* WelcomeView.m */; };
		EB10527D1AB67835006CEBBE /* ProgressHUD.bundle in Resources */ = {isa = PBXBuildFile; fileRef = EB10527A1AB67835006CEBBE /* ProgressHUD.bundle */; };
		EB10527E1AB67835006CEBBE /* ProgressHUD.m in Sources */ = {isa = PBXBuildFile; fileRef = EB10527C1AB67835006CEBBE /* ProgressHUD.m */; };
		EB1052831AB6786A006CEBBE /* conversations.m in Sources */ = {isa = PBXBuildFile; fileRef = EB1052801AB6786A006CEBBE /* conversations.m */; };
		EB1052841AB6786A006CEBBE /* pushnotification.m in Sources */ = {isa = PBXBuildFile; fileRef = EB1052821AB6786A006CEBBE /* pushnotification.m */; };
		EB1052871AB6786F006CEBBE /* validators.m in Sources */ = {isa = PBXBuildFile; fileRef = EB1052861AB6786F006CEBBE /* validators.m */; };
		EB10528A1AB6A04E006CEBBE /* Reachability.m in Sources */ = {isa = PBXBuildFile; fileRef = EB1052891AB6A04E006CEBBE /* Reachability.m */; };
		EB10528C1AB6A077006CEBBE /* Accounts.framework in Frameworks */ = {isa = PBXBuildFile; fileRef = EB10528B1AB6A077006CEBBE /* Accounts.framework */; };
		EB10528E1AB6A07C006CEBBE /* Social.framework in Frameworks */ = {isa = PBXBuildFile; fileRef = EB10528D1AB6A07B006CEBBE /* Social.framework */; };
		EB1052901AB6A084006CEBBE /* libicucore.dylib in Frameworks */ = {isa = PBXBuildFile; fileRef = EB10528F1AB6A084006CEBBE /* libicucore.dylib */; };
		EB1052921AB6A092006CEBBE /* libc++.dylib in Frameworks */ = {isa = PBXBuildFile; fileRef = EB1052911AB6A091006CEBBE /* libc++.dylib */; };
		EB1052941AB6A098006CEBBE /* AudioToolbox.framework in Frameworks */ = {isa = PBXBuildFile; fileRef = EB1052931AB6A098006CEBBE /* AudioToolbox.framework */; };
		EB1052961AB6A09C006CEBBE /* CFNetwork.framework in Frameworks */ = {isa = PBXBuildFile; fileRef = EB1052951AB6A09C006CEBBE /* CFNetwork.framework */; };
		EB1052981AB6A0A1006CEBBE /* CoreGraphics.framework in Frameworks */ = {isa = PBXBuildFile; fileRef = EB1052971AB6A0A1006CEBBE /* CoreGraphics.framework */; };
		EB10529A1AB6A0A6006CEBBE /* CoreLocation.framework in Frameworks */ = {isa = PBXBuildFile; fileRef = EB1052991AB6A0A6006CEBBE /* CoreLocation.framework */; };
		EB10529C1AB6A0AB006CEBBE /* MobileCoreServices.framework in Frameworks */ = {isa = PBXBuildFile; fileRef = EB10529B1AB6A0AB006CEBBE /* MobileCoreServices.framework */; };
		EB10529E1AB6A0B0006CEBBE /* QuartzCore.framework in Frameworks */ = {isa = PBXBuildFile; fileRef = EB10529D1AB6A0B0006CEBBE /* QuartzCore.framework */; };
		EB1052A01AB6A0B5006CEBBE /* Security.framework in Frameworks */ = {isa = PBXBuildFile; fileRef = EB10529F1AB6A0B5006CEBBE /* Security.framework */; };
		EB1052A21AB6A0BA006CEBBE /* StoreKit.framework in Frameworks */ = {isa = PBXBuildFile; fileRef = EB1052A11AB6A0BA006CEBBE /* StoreKit.framework */; };
		EB1052A41AB6A0C0006CEBBE /* SystemConfiguration.framework in Frameworks */ = {isa = PBXBuildFile; fileRef = EB1052A31AB6A0C0006CEBBE /* SystemConfiguration.framework */; };
		EB1052A61AB6A0C5006CEBBE /* libz.dylib in Frameworks */ = {isa = PBXBuildFile; fileRef = EB1052A51AB6A0C5006CEBBE /* libz.dylib */; };
		EB1052A81AB6A0D0006CEBBE /* libsqlite3.dylib in Frameworks */ = {isa = PBXBuildFile; fileRef = EB1052A71AB6A0D0006CEBBE /* libsqlite3.dylib */; };
		EB1052B41AB6A683006CEBBE /* revibe_logo@2x.png in Resources */ = {isa = PBXBuildFile; fileRef = EB1052B31AB6A683006CEBBE /* revibe_logo@2x.png */; };
		EB1052B61AB6AE57006CEBBE /* button_back@2x.png in Resources */ = {isa = PBXBuildFile; fileRef = EB1052B51AB6AE57006CEBBE /* button_back@2x.png */; };
		EB1052B91AB6BBAD006CEBBE /* ContactsCell.m in Sources */ = {isa = PBXBuildFile; fileRef = EB1052B81AB6BBAD006CEBBE /* ContactsCell.m */; };
		EB1052C11AB6C185006CEBBE /* contacts_background.png in Resources */ = {isa = PBXBuildFile; fileRef = EB1052BC1AB6C185006CEBBE /* contacts_background.png */; };
		EB1052C21AB6C185006CEBBE /* contacts_add@2x.png in Resources */ = {isa = PBXBuildFile; fileRef = EB1052BD1AB6C185006CEBBE /* contacts_add@2x.png */; };
		EB1052C31AB6C185006CEBBE /* contacts_heart@2x.png in Resources */ = {isa = PBXBuildFile; fileRef = EB1052BE1AB6C185006CEBBE /* contacts_heart@2x.png */; };
		EB1052C41AB6C185006CEBBE /* contacts_invite@2x.png in Resources */ = {isa = PBXBuildFile; fileRef = EB1052BF1AB6C185006CEBBE /* contacts_invite@2x.png */; };
		EB1052C51AB6C185006CEBBE /* contacts_registered@2x.png in Resources */ = {isa = PBXBuildFile; fileRef = EB1052C01AB6C185006CEBBE /* contacts_registered@2x.png */; };
		EB1052C91AB6C276006CEBBE /* ComposeView.m in Sources */ = {isa = PBXBuildFile; fileRef = EB1052C81AB6C276006CEBBE /* ComposeView.m */; };
		EB1052CC1AB6C2F8006CEBBE /* RecipientsView.m in Sources */ = {isa = PBXBuildFile; fileRef = EB1052CB1AB6C2F8006CEBBE /* RecipientsView.m */; };
		EBE4BBFC1AB6CFBE004C93AB /* tab2a@2x.png in Resources */ = {isa = PBXBuildFile; fileRef = EBE4BBFA1AB6CFBE004C93AB /* tab2a@2x.png */; };
		EBE4BBFD1AB6CFBE004C93AB /* tab2b@2x.png in Resources */ = {isa = PBXBuildFile; fileRef = EBE4BBFB1AB6CFBE004C93AB /* tab2b@2x.png */; };
/* End PBXBuildFile section */

/* Begin PBXContainerItemProxy section */
		EB10523F1AB670B7006CEBBE /* PBXContainerItemProxy */ = {
			isa = PBXContainerItemProxy;
			containerPortal = EB10521D1AB670B7006CEBBE /* Project object */;
			proxyType = 1;
			remoteGlobalIDString = EB1052241AB670B7006CEBBE;
			remoteInfo = Revibe;
		};
/* End PBXContainerItemProxy section */

/* Begin PBXFileReference section */
		EB1052251AB670B7006CEBBE /* Revibe.app */ = {isa = PBXFileReference; explicitFileType = wrapper.application; includeInIndex = 0; path = Revibe.app; sourceTree = BUILT_PRODUCTS_DIR; };
		EB1052291AB670B7006CEBBE /* Info.plist */ = {isa = PBXFileReference; lastKnownFileType = text.plist.xml; path = Info.plist; sourceTree = "<group>"; };
		EB10522A1AB670B7006CEBBE /* main.m */ = {isa = PBXFileReference; lastKnownFileType = sourcecode.c.objc; path = main.m; sourceTree = "<group>"; };
		EB10522C1AB670B7006CEBBE /* AppDelegate.h */ = {isa = PBXFileReference; lastKnownFileType = sourcecode.c.h; path = AppDelegate.h; sourceTree = "<group>"; };
		EB10522D1AB670B7006CEBBE /* AppDelegate.m */ = {isa = PBXFileReference; lastKnownFileType = sourcecode.c.objc; path = AppDelegate.m; sourceTree = "<group>"; };
		EB1052331AB670B7006CEBBE /* Base */ = {isa = PBXFileReference; lastKnownFileType = file.storyboard; name = Base; path = Base.lproj/Main.storyboard; sourceTree = "<group>"; };
		EB1052351AB670B7006CEBBE /* Images.xcassets */ = {isa = PBXFileReference; lastKnownFileType = folder.assetcatalog; path = Images.xcassets; sourceTree = "<group>"; };
		EB10523E1AB670B7006CEBBE /* RevibeTests.xctest */ = {isa = PBXFileReference; explicitFileType = wrapper.cfbundle; includeInIndex = 0; path = RevibeTests.xctest; sourceTree = BUILT_PRODUCTS_DIR; };
		EB1052431AB670B7006CEBBE /* Info.plist */ = {isa = PBXFileReference; lastKnownFileType = text.plist.xml; path = Info.plist; sourceTree = "<group>"; };
		EB1052441AB670B7006CEBBE /* RevibeTests.m */ = {isa = PBXFileReference; lastKnownFileType = sourcecode.c.objc; path = RevibeTests.m; sourceTree = "<group>"; };
		EB10524E1AB6713F006CEBBE /* MainView.h */ = {isa = PBXFileReference; fileEncoding = 4; lastKnownFileType = sourcecode.c.h; path = MainView.h; sourceTree = "<group>"; };
		EB10524F1AB6713F006CEBBE /* MainView.m */ = {isa = PBXFileReference; fileEncoding = 4; lastKnownFileType = sourcecode.c.objc; path = MainView.m; sourceTree = "<group>"; };
		EB1052521AB6716A006CEBBE /* ContactsView.h */ = {isa = PBXFileReference; fileEncoding = 4; lastKnownFileType = sourcecode.c.h; path = ContactsView.h; sourceTree = "<group>"; };
		EB1052531AB6716A006CEBBE /* ContactsView.m */ = {isa = PBXFileReference; fileEncoding = 4; lastKnownFileType = sourcecode.c.objc; path = ContactsView.m; sourceTree = "<group>"; };
		EB1052551AB6717A006CEBBE /* SettingsView.h */ = {isa = PBXFileReference; fileEncoding = 4; lastKnownFileType = sourcecode.c.h; path = SettingsView.h; sourceTree = "<group>"; };
		EB1052561AB6717A006CEBBE /* SettingsView.m */ = {isa = PBXFileReference; fileEncoding = 4; lastKnownFileType = sourcecode.c.objc; path = SettingsView.m; sourceTree = "<group>"; };
		EB1052601AB67239006CEBBE /* NavigationController.h */ = {isa = PBXFileReference; fileEncoding = 4; lastKnownFileType = sourcecode.c.h; path = NavigationController.h; sourceTree = "<group>"; };
		EB1052611AB67239006CEBBE /* NavigationController.m */ = {isa = PBXFileReference; fileEncoding = 4; lastKnownFileType = sourcecode.c.objc; path = NavigationController.m; sourceTree = "<group>"; };
		EB1052641AB6725F006CEBBE /* utilities.h */ = {isa = PBXFileReference; fileEncoding = 4; lastKnownFileType = sourcecode.c.h; path = utilities.h; sourceTree = "<group>"; };
		EB1052651AB6725F006CEBBE /* utilities.m */ = {isa = PBXFileReference; fileEncoding = 4; lastKnownFileType = sourcecode.c.objc; path = utilities.m; sourceTree = "<group>"; };
		EB1052671AB67265006CEBBE /* AppConstant.h */ = {isa = PBXFileReference; lastKnownFileType = sourcecode.c.h; path = AppConstant.h; sourceTree = "<group>"; };
		EB1052681AB6734B006CEBBE /* Bolts.framework */ = {isa = PBXFileReference; lastKnownFileType = wrapper.framework; name = Bolts.framework; path = ../Frameworks/Bolts.framework; sourceTree = "<group>"; };
		EB1052691AB6734B006CEBBE /* Firebase.framework */ = {isa = PBXFileReference; lastKnownFileType = wrapper.framework; name = Firebase.framework; path = ../Frameworks/Firebase.framework; sourceTree = "<group>"; };
		EB10526A1AB6734B006CEBBE /* Parse.framework */ = {isa = PBXFileReference; lastKnownFileType = wrapper.framework; name = Parse.framework; path = ../Frameworks/Parse.framework; sourceTree = "<group>"; };
		EB10526B1AB6734B006CEBBE /* ParseUI.framework */ = {isa = PBXFileReference; lastKnownFileType = wrapper.framework; name = ParseUI.framework; path = ../Frameworks/ParseUI.framework; sourceTree = "<group>"; };
		EB1052711AB676AE006CEBBE /* LoginView.h */ = {isa = PBXFileReference; fileEncoding = 4; lastKnownFileType = sourcecode.c.h; path = LoginView.h; sourceTree = "<group>"; };
		EB1052721AB676AE006CEBBE /* LoginView.m */ = {isa = PBXFileReference; fileEncoding = 4; lastKnownFileType = sourcecode.c.objc; path = LoginView.m; sourceTree = "<group>"; };
		EB1052741AB676BA006CEBBE /* RegisterView.h */ = {isa = PBXFileReference; fileEncoding = 4; lastKnownFileType = sourcecode.c.h; path = RegisterView.h; sourceTree = "<group>"; };
		EB1052751AB676BA006CEBBE /* RegisterView.m */ = {isa = PBXFileReference; fileEncoding = 4; lastKnownFileType = sourcecode.c.objc; path = RegisterView.m; sourceTree = "<group>"; };
		EB1052771AB676DE006CEBBE /* WelcomeView.h */ = {isa = PBXFileReference; fileEncoding = 4; lastKnownFileType = sourcecode.c.h; path = WelcomeView.h; sourceTree = "<group>"; };
		EB1052781AB676DE006CEBBE /* WelcomeView.m */ = {isa = PBXFileReference; fileEncoding = 4; lastKnownFileType = sourcecode.c.objc; path = WelcomeView.m; sourceTree = "<group>"; };
		EB10527A1AB67835006CEBBE /* ProgressHUD.bundle */ = {isa = PBXFileReference; lastKnownFileType = "wrapper.plug-in"; path = ProgressHUD.bundle; sourceTree = "<group>"; };
		EB10527B1AB67835006CEBBE /* ProgressHUD.h */ = {isa = PBXFileReference; fileEncoding = 4; lastKnownFileType = sourcecode.c.h; path = ProgressHUD.h; sourceTree = "<group>"; };
		EB10527C1AB67835006CEBBE /* ProgressHUD.m */ = {isa = PBXFileReference; fileEncoding = 4; lastKnownFileType = sourcecode.c.objc; path = ProgressHUD.m; sourceTree = "<group>"; };
		EB10527F1AB6786A006CEBBE /* conversations.h */ = {isa = PBXFileReference; fileEncoding = 4; lastKnownFileType = sourcecode.c.h; path = conversations.h; sourceTree = "<group>"; };
		EB1052801AB6786A006CEBBE /* conversations.m */ = {isa = PBXFileReference; fileEncoding = 4; lastKnownFileType = sourcecode.c.objc; path = conversations.m; sourceTree = "<group>"; };
		EB1052811AB6786A006CEBBE /* pushnotification.h */ = {isa = PBXFileReference; fileEncoding = 4; lastKnownFileType = sourcecode.c.h; path = pushnotification.h; sourceTree = "<group>"; };
		EB1052821AB6786A006CEBBE /* pushnotification.m */ = {isa = PBXFileReference; fileEncoding = 4; lastKnownFileType = sourcecode.c.objc; path = pushnotification.m; sourceTree = "<group>"; };
		EB1052851AB6786F006CEBBE /* validators.h */ = {isa = PBXFileReference; fileEncoding = 4; lastKnownFileType = sourcecode.c.h; path = validators.h; sourceTree = "<group>"; };
		EB1052861AB6786F006CEBBE /* validators.m */ = {isa = PBXFileReference; fileEncoding = 4; lastKnownFileType = sourcecode.c.objc; path = validators.m; sourceTree = "<group>"; };
		EB1052881AB6A04E006CEBBE /* Reachability.h */ = {isa = PBXFileReference; fileEncoding = 4; lastKnownFileType = sourcecode.c.h; path = Reachability.h; sourceTree = "<group>"; };
		EB1052891AB6A04E006CEBBE /* Reachability.m */ = {isa = PBXFileReference; fileEncoding = 4; lastKnownFileType = sourcecode.c.objc; path = Reachability.m; sourceTree = "<group>"; };
		EB10528B1AB6A077006CEBBE /* Accounts.framework */ = {isa = PBXFileReference; lastKnownFileType = wrapper.framework; name = Accounts.framework; path = System/Library/Frameworks/Accounts.framework; sourceTree = SDKROOT; };
		EB10528D1AB6A07B006CEBBE /* Social.framework */ = {isa = PBXFileReference; lastKnownFileType = wrapper.framework; name = Social.framework; path = System/Library/Frameworks/Social.framework; sourceTree = SDKROOT; };
		EB10528F1AB6A084006CEBBE /* libicucore.dylib */ = {isa = PBXFileReference; lastKnownFileType = "compiled.mach-o.dylib"; name = libicucore.dylib; path = usr/lib/libicucore.dylib; sourceTree = SDKROOT; };
		EB1052911AB6A091006CEBBE /* libc++.dylib */ = {isa = PBXFileReference; lastKnownFileType = "compiled.mach-o.dylib"; name = "libc++.dylib"; path = "usr/lib/libc++.dylib"; sourceTree = SDKROOT; };
		EB1052931AB6A098006CEBBE /* AudioToolbox.framework */ = {isa = PBXFileReference; lastKnownFileType = wrapper.framework; name = AudioToolbox.framework; path = System/Library/Frameworks/AudioToolbox.framework; sourceTree = SDKROOT; };
		EB1052951AB6A09C006CEBBE /* CFNetwork.framework */ = {isa = PBXFileReference; lastKnownFileType = wrapper.framework; name = CFNetwork.framework; path = System/Library/Frameworks/CFNetwork.framework; sourceTree = SDKROOT; };
		EB1052971AB6A0A1006CEBBE /* CoreGraphics.framework */ = {isa = PBXFileReference; lastKnownFileType = wrapper.framework; name = CoreGraphics.framework; path = System/Library/Frameworks/CoreGraphics.framework; sourceTree = SDKROOT; };
		EB1052991AB6A0A6006CEBBE /* CoreLocation.framework */ = {isa = PBXFileReference; lastKnownFileType = wrapper.framework; name = CoreLocation.framework; path = System/Library/Frameworks/CoreLocation.framework; sourceTree = SDKROOT; };
		EB10529B1AB6A0AB006CEBBE /* MobileCoreServices.framework */ = {isa = PBXFileReference; lastKnownFileType = wrapper.framework; name = MobileCoreServices.framework; path = System/Library/Frameworks/MobileCoreServices.framework; sourceTree = SDKROOT; };
		EB10529D1AB6A0B0006CEBBE /* QuartzCore.framework */ = {isa = PBXFileReference; lastKnownFileType = wrapper.framework; name = QuartzCore.framework; path = System/Library/Frameworks/QuartzCore.framework; sourceTree = SDKROOT; };
		EB10529F1AB6A0B5006CEBBE /* Security.framework */ = {isa = PBXFileReference; lastKnownFileType = wrapper.framework; name = Security.framework; path = System/Library/Frameworks/Security.framework; sourceTree = SDKROOT; };
		EB1052A11AB6A0BA006CEBBE /* StoreKit.framework */ = {isa = PBXFileReference; lastKnownFileType = wrapper.framework; name = StoreKit.framework; path = System/Library/Frameworks/StoreKit.framework; sourceTree = SDKROOT; };
		EB1052A31AB6A0C0006CEBBE /* SystemConfiguration.framework */ = {isa = PBXFileReference; lastKnownFileType = wrapper.framework; name = SystemConfiguration.framework; path = System/Library/Frameworks/SystemConfiguration.framework; sourceTree = SDKROOT; };
		EB1052A51AB6A0C5006CEBBE /* libz.dylib */ = {isa = PBXFileReference; lastKnownFileType = "compiled.mach-o.dylib"; name = libz.dylib; path = usr/lib/libz.dylib; sourceTree = SDKROOT; };
		EB1052A71AB6A0D0006CEBBE /* libsqlite3.dylib */ = {isa = PBXFileReference; lastKnownFileType = "compiled.mach-o.dylib"; name = libsqlite3.dylib; path = usr/lib/libsqlite3.dylib; sourceTree = SDKROOT; };
		EB1052B31AB6A683006CEBBE /* revibe_logo@2x.png */ = {isa = PBXFileReference; lastKnownFileType = image.png; path = "revibe_logo@2x.png"; sourceTree = "<group>"; };
		EB1052B51AB6AE57006CEBBE /* button_back@2x.png */ = {isa = PBXFileReference; lastKnownFileType = image.png; path = "button_back@2x.png"; sourceTree = "<group>"; };
		EB1052B71AB6BBAD006CEBBE /* ContactsCell.h */ = {isa = PBXFileReference; fileEncoding = 4; lastKnownFileType = sourcecode.c.h; path = ContactsCell.h; sourceTree = "<group>"; };
		EB1052B81AB6BBAD006CEBBE /* ContactsCell.m */ = {isa = PBXFileReference; fileEncoding = 4; lastKnownFileType = sourcecode.c.objc; path = ContactsCell.m; sourceTree = "<group>"; };
		EB1052BC1AB6C185006CEBBE /* contacts_background.png */ = {isa = PBXFileReference; lastKnownFileType = image.png; path = contacts_background.png; sourceTree = "<group>"; };
		EB1052BD1AB6C185006CEBBE /* contacts_add@2x.png */ = {isa = PBXFileReference; lastKnownFileType = image.png; path = "contacts_add@2x.png"; sourceTree = "<group>"; };
		EB1052BE1AB6C185006CEBBE /* contacts_heart@2x.png */ = {isa = PBXFileReference; lastKnownFileType = image.png; path = "contacts_heart@2x.png"; sourceTree = "<group>"; };
		EB1052BF1AB6C185006CEBBE /* contacts_invite@2x.png */ = {isa = PBXFileReference; lastKnownFileType = image.png; path = "contacts_invite@2x.png"; sourceTree = "<group>"; };
		EB1052C01AB6C185006CEBBE /* contacts_registered@2x.png */ = {isa = PBXFileReference; lastKnownFileType = image.png; path = "contacts_registered@2x.png"; sourceTree = "<group>"; };
		EB1052C71AB6C276006CEBBE /* ComposeView.h */ = {isa = PBXFileReference; fileEncoding = 4; lastKnownFileType = sourcecode.c.h; path = ComposeView.h; sourceTree = "<group>"; };
		EB1052C81AB6C276006CEBBE /* ComposeView.m */ = {isa = PBXFileReference; fileEncoding = 4; lastKnownFileType = sourcecode.c.objc; path = ComposeView.m; sourceTree = "<group>"; };
		EB1052CA1AB6C2F8006CEBBE /* RecipientsView.h */ = {isa = PBXFileReference; fileEncoding = 4; lastKnownFileType = sourcecode.c.h; path = RecipientsView.h; sourceTree = "<group>"; };
		EB1052CB1AB6C2F8006CEBBE /* RecipientsView.m */ = {isa = PBXFileReference; fileEncoding = 4; lastKnownFileType = sourcecode.c.objc; path = RecipientsView.m; sourceTree = "<group>"; };
		EBE4BBFA1AB6CFBE004C93AB /* tab2a@2x.png */ = {isa = PBXFileReference; lastKnownFileType = image.png; path = "tab2a@2x.png"; sourceTree = "<group>"; };
		EBE4BBFB1AB6CFBE004C93AB /* tab2b@2x.png */ = {isa = PBXFileReference; lastKnownFileType = image.png; path = "tab2b@2x.png"; sourceTree = "<group>"; };
/* End PBXFileReference section */

/* Begin PBXFrameworksBuildPhase section */
		EB1052221AB670B7006CEBBE /* Frameworks */ = {
			isa = PBXFrameworksBuildPhase;
			buildActionMask = 2147483647;
			files = (
				EB1052A81AB6A0D0006CEBBE /* libsqlite3.dylib in Frameworks */,
				EB1052A61AB6A0C5006CEBBE /* libz.dylib in Frameworks */,
				EB1052A41AB6A0C0006CEBBE /* SystemConfiguration.framework in Frameworks */,
				EB1052A21AB6A0BA006CEBBE /* StoreKit.framework in Frameworks */,
				EB1052A01AB6A0B5006CEBBE /* Security.framework in Frameworks */,
				EB10529E1AB6A0B0006CEBBE /* QuartzCore.framework in Frameworks */,
				EB10529C1AB6A0AB006CEBBE /* MobileCoreServices.framework in Frameworks */,
				EB10529A1AB6A0A6006CEBBE /* CoreLocation.framework in Frameworks */,
				EB1052981AB6A0A1006CEBBE /* CoreGraphics.framework in Frameworks */,
				EB1052961AB6A09C006CEBBE /* CFNetwork.framework in Frameworks */,
				EB1052941AB6A098006CEBBE /* AudioToolbox.framework in Frameworks */,
				EB1052921AB6A092006CEBBE /* libc++.dylib in Frameworks */,
				EB1052901AB6A084006CEBBE /* libicucore.dylib in Frameworks */,
				EB10528E1AB6A07C006CEBBE /* Social.framework in Frameworks */,
				EB10528C1AB6A077006CEBBE /* Accounts.framework in Frameworks */,
				EB10526C1AB6734B006CEBBE /* Bolts.framework in Frameworks */,
				EB10526D1AB6734B006CEBBE /* Firebase.framework in Frameworks */,
				EB10526E1AB6734B006CEBBE /* Parse.framework in Frameworks */,
				EB10526F1AB6734B006CEBBE /* ParseUI.framework in Frameworks */,
			);
			runOnlyForDeploymentPostprocessing = 0;
		};
		EB10523B1AB670B7006CEBBE /* Frameworks */ = {
			isa = PBXFrameworksBuildPhase;
			buildActionMask = 2147483647;
			files = (
			);
			runOnlyForDeploymentPostprocessing = 0;
		};
/* End PBXFrameworksBuildPhase section */

/* Begin PBXGroup section */
		EB10521C1AB670B7006CEBBE = {
			isa = PBXGroup;
			children = (
				EB1052271AB670B7006CEBBE /* Revibe */,
				EB1052411AB670B7006CEBBE /* RevibeTests */,
				EB1052261AB670B7006CEBBE /* Products */,
			);
			sourceTree = "<group>";
		};
		EB1052261AB670B7006CEBBE /* Products */ = {
			isa = PBXGroup;
			children = (
				EB1052251AB670B7006CEBBE /* Revibe.app */,
				EB10523E1AB670B7006CEBBE /* RevibeTests.xctest */,
			);
			name = Products;
			sourceTree = "<group>";
		};
		EB1052271AB670B7006CEBBE /* Revibe */ = {
			isa = PBXGroup;
			children = (
				EB10522C1AB670B7006CEBBE /* AppDelegate.h */,
				EB10522D1AB670B7006CEBBE /* AppDelegate.m */,
				EB1052601AB67239006CEBBE /* NavigationController.h */,
				EB1052611AB67239006CEBBE /* NavigationController.m */,
				EB1052C61AB6C269006CEBBE /*  These are useless classes, please ignore */,
				EB1052BA1AB6BBB7006CEBBE /* Chat Tabs */,
				EB1052701AB67670006CEBBE /* Welcome */,
				EB1052631AB6724D006CEBBE /* Utilities */,
				EB1052A91AB6A28E006CEBBE /* Images to Sort */,
				EB1052351AB670B7006CEBBE /* Images.xcassets */,
				EB1052281AB670B7006CEBBE /* Supporting Files */,
			);
			path = Revibe;
			sourceTree = "<group>";
		};
		EB1052281AB670B7006CEBBE /* Supporting Files */ = {
			isa = PBXGroup;
			children = (
				EB1052A71AB6A0D0006CEBBE /* libsqlite3.dylib */,
				EB1052A51AB6A0C5006CEBBE /* libz.dylib */,
				EB1052A31AB6A0C0006CEBBE /* SystemConfiguration.framework */,
				EB1052A11AB6A0BA006CEBBE /* StoreKit.framework */,
				EB10529F1AB6A0B5006CEBBE /* Security.framework */,
				EB10529D1AB6A0B0006CEBBE /* QuartzCore.framework */,
				EB10529B1AB6A0AB006CEBBE /* MobileCoreServices.framework */,
				EB1052991AB6A0A6006CEBBE /* CoreLocation.framework */,
				EB1052971AB6A0A1006CEBBE /* CoreGraphics.framework */,
				EB1052951AB6A09C006CEBBE /* CFNetwork.framework */,
				EB1052931AB6A098006CEBBE /* AudioToolbox.framework */,
				EB1052911AB6A091006CEBBE /* libc++.dylib */,
				EB10528F1AB6A084006CEBBE /* libicucore.dylib */,
				EB10528D1AB6A07B006CEBBE /* Social.framework */,
				EB10528B1AB6A077006CEBBE /* Accounts.framework */,
				EB10527A1AB67835006CEBBE /* ProgressHUD.bundle */,
				EB10527B1AB67835006CEBBE /* ProgressHUD.h */,
				EB10527C1AB67835006CEBBE /* ProgressHUD.m */,
				EB1052681AB6734B006CEBBE /* Bolts.framework */,
				EB1052691AB6734B006CEBBE /* Firebase.framework */,
				EB10526A1AB6734B006CEBBE /* Parse.framework */,
				EB10526B1AB6734B006CEBBE /* ParseUI.framework */,
				EB1052321AB670B7006CEBBE /* Main.storyboard */,
				EB1052291AB670B7006CEBBE /* Info.plist */,
				EB10522A1AB670B7006CEBBE /* main.m */,
			);
			name = "Supporting Files";
			sourceTree = "<group>";
		};
		EB1052411AB670B7006CEBBE /* RevibeTests */ = {
			isa = PBXGroup;
			children = (
				EB1052441AB670B7006CEBBE /* RevibeTests.m */,
				EB1052421AB670B7006CEBBE /* Supporting Files */,
			);
			path = RevibeTests;
			sourceTree = "<group>";
		};
		EB1052421AB670B7006CEBBE /* Supporting Files */ = {
			isa = PBXGroup;
			children = (
				EB1052431AB670B7006CEBBE /* Info.plist */,
			);
			name = "Supporting Files";
			sourceTree = "<group>";
		};
		EB1052631AB6724D006CEBBE /* Utilities */ = {
			isa = PBXGroup;
			children = (
				EB1052671AB67265006CEBBE /* AppConstant.h */,
				EB1052641AB6725F006CEBBE /* utilities.h */,
				EB1052651AB6725F006CEBBE /* utilities.m */,
				EB10527F1AB6786A006CEBBE /* conversations.h */,
				EB1052801AB6786A006CEBBE /* conversations.m */,
				EB1052811AB6786A006CEBBE /* pushnotification.h */,
				EB1052821AB6786A006CEBBE /* pushnotification.m */,
				EB1052851AB6786F006CEBBE /* validators.h */,
				EB1052861AB6786F006CEBBE /* validators.m */,
				EB1052881AB6A04E006CEBBE /* Reachability.h */,
				EB1052891AB6A04E006CEBBE /* Reachability.m */,
			);
			name = Utilities;
			sourceTree = "<group>";
		};
		EB1052701AB67670006CEBBE /* Welcome */ = {
			isa = PBXGroup;
			children = (
				EB1052711AB676AE006CEBBE /* LoginView.h */,
				EB1052721AB676AE006CEBBE /* LoginView.m */,
				EB1052741AB676BA006CEBBE /* RegisterView.h */,
				EB1052751AB676BA006CEBBE /* RegisterView.m */,
				EB1052771AB676DE006CEBBE /* WelcomeView.h */,
				EB1052781AB676DE006CEBBE /* WelcomeView.m */,
			);
			name = Welcome;
			sourceTree = "<group>";
		};
		EB1052A91AB6A28E006CEBBE /* Images to Sort */ = {
			isa = PBXGroup;
			children = (
				EBE4BBFA1AB6CFBE004C93AB /* tab2a@2x.png */,
				EBE4BBFB1AB6CFBE004C93AB /* tab2b@2x.png */,
				EB1052BC1AB6C185006CEBBE /* contacts_background.png */,
				EB1052BD1AB6C185006CEBBE /* contacts_add@2x.png */,
				EB1052BE1AB6C185006CEBBE /* contacts_heart@2x.png */,
				EB1052BF1AB6C185006CEBBE /* contacts_invite@2x.png */,
				EB1052C01AB6C185006CEBBE /* contacts_registered@2x.png */,
				EB1052B31AB6A683006CEBBE /* revibe_logo@2x.png */,
				EB1052B51AB6AE57006CEBBE /* button_back@2x.png */,
			);
			name = "Images to Sort";
			sourceTree = "<group>";
		};
		EB1052BA1AB6BBB7006CEBBE /* Chat Tabs */ = {
			isa = PBXGroup;
			children = (
				EB1052B71AB6BBAD006CEBBE /* ContactsCell.h */,
				EB1052B81AB6BBAD006CEBBE /* ContactsCell.m */,
				EB1052521AB6716A006CEBBE /* ContactsView.h */,
				EB1052531AB6716A006CEBBE /* ContactsView.m */,
			);
			name = "Chat Tabs";
			sourceTree = "<group>";
		};
		EB1052C61AB6C269006CEBBE /*  These are useless classes, please ignore */ = {
			isa = PBXGroup;
			children = (
				EB1052C71AB6C276006CEBBE /* ComposeView.h */,
				EB1052CA1AB6C2F8006CEBBE /* RecipientsView.h */,
				EB10524E1AB6713F006CEBBE /* MainView.h */,
				EB10524F1AB6713F006CEBBE /* MainView.m */,
				EB1052551AB6717A006CEBBE /* SettingsView.h */,
				EB1052561AB6717A006CEBBE /* SettingsView.m */,
				EB1052CB1AB6C2F8006CEBBE /* RecipientsView.m */,
				EB1052C81AB6C276006CEBBE /* ComposeView.m */,
			);
			name = " These are useless classes, please ignore";
			sourceTree = "<group>";
		};
/* End PBXGroup section */

/* Begin PBXNativeTarget section */
		EB1052241AB670B7006CEBBE /* Revibe */ = {
			isa = PBXNativeTarget;
			buildConfigurationList = EB1052481AB670B7006CEBBE /* Build configuration list for PBXNativeTarget "Revibe" */;
			buildPhases = (
				EB1052211AB670B7006CEBBE /* Sources */,
				EB1052221AB670B7006CEBBE /* Frameworks */,
				EB1052231AB670B7006CEBBE /* Resources */,
			);
			buildRules = (
			);
			dependencies = (
			);
			name = Revibe;
			productName = Revibe;
			productReference = EB1052251AB670B7006CEBBE /* Revibe.app */;
			productType = "com.apple.product-type.application";
		};
		EB10523D1AB670B7006CEBBE /* RevibeTests */ = {
			isa = PBXNativeTarget;
			buildConfigurationList = EB10524B1AB670B7006CEBBE /* Build configuration list for PBXNativeTarget "RevibeTests" */;
			buildPhases = (
				EB10523A1AB670B7006CEBBE /* Sources */,
				EB10523B1AB670B7006CEBBE /* Frameworks */,
				EB10523C1AB670B7006CEBBE /* Resources */,
			);
			buildRules = (
			);
			dependencies = (
				EB1052401AB670B7006CEBBE /* PBXTargetDependency */,
			);
			name = RevibeTests;
			productName = RevibeTests;
			productReference = EB10523E1AB670B7006CEBBE /* RevibeTests.xctest */;
			productType = "com.apple.product-type.bundle.unit-test";
		};
/* End PBXNativeTarget section */

/* Begin PBXProject section */
		EB10521D1AB670B7006CEBBE /* Project object */ = {
			isa = PBXProject;
			attributes = {
				LastUpgradeCheck = 0610;
				ORGANIZATIONNAME = "Sony Theakanath";
				TargetAttributes = {
					EB1052241AB670B7006CEBBE = {
						CreatedOnToolsVersion = 6.1.1;
						DevelopmentTeam = SNE84GN9W7;
					};
					EB10523D1AB670B7006CEBBE = {
						CreatedOnToolsVersion = 6.1.1;
						TestTargetID = EB1052241AB670B7006CEBBE;
					};
				};
			};
			buildConfigurationList = EB1052201AB670B7006CEBBE /* Build configuration list for PBXProject "Revibe" */;
			compatibilityVersion = "Xcode 3.2";
			developmentRegion = English;
			hasScannedForEncodings = 0;
			knownRegions = (
				en,
				Base,
			);
			mainGroup = EB10521C1AB670B7006CEBBE;
			productRefGroup = EB1052261AB670B7006CEBBE /* Products */;
			projectDirPath = "";
			projectRoot = "";
			targets = (
				EB1052241AB670B7006CEBBE /* Revibe */,
				EB10523D1AB670B7006CEBBE /* RevibeTests */,
			);
		};
/* End PBXProject section */

/* Begin PBXResourcesBuildPhase section */
		EB1052231AB670B7006CEBBE /* Resources */ = {
			isa = PBXResourcesBuildPhase;
			buildActionMask = 2147483647;
			files = (
				EB1052B41AB6A683006CEBBE /* revibe_logo@2x.png in Resources */,
				EB1052341AB670B7006CEBBE /* Main.storyboard in Resources */,
				EB1052C21AB6C185006CEBBE /* contacts_add@2x.png in Resources */,
				EBE4BBFC1AB6CFBE004C93AB /* tab2a@2x.png in Resources */,
				EB1052C11AB6C185006CEBBE /* contacts_background.png in Resources */,
				EB1052C41AB6C185006CEBBE /* contacts_invite@2x.png in Resources */,
				EB1052C31AB6C185006CEBBE /* contacts_heart@2x.png in Resources */,
				EBE4BBFD1AB6CFBE004C93AB /* tab2b@2x.png in Resources */,
				EB1052361AB670B7006CEBBE /* Images.xcassets in Resources */,
				EB10527D1AB67835006CEBBE /* ProgressHUD.bundle in Resources */,
				EB1052B61AB6AE57006CEBBE /* button_back@2x.png in Resources */,
				EB1052C51AB6C185006CEBBE /* contacts_registered@2x.png in Resources */,
			);
			runOnlyForDeploymentPostprocessing = 0;
		};
		EB10523C1AB670B7006CEBBE /* Resources */ = {
			isa = PBXResourcesBuildPhase;
			buildActionMask = 2147483647;
			files = (
			);
			runOnlyForDeploymentPostprocessing = 0;
		};
/* End PBXResourcesBuildPhase section */

/* Begin PBXSourcesBuildPhase section */
		EB1052211AB670B7006CEBBE /* Sources */ = {
			isa = PBXSourcesBuildPhase;
			buildActionMask = 2147483647;
			files = (
				EB1052501AB6713F006CEBBE /* MainView.m in Sources */,
				EB1052841AB6786A006CEBBE /* pushnotification.m in Sources */,
				EB1052661AB6725F006CEBBE /* utilities.m in Sources */,
				EB1052731AB676AE006CEBBE /* LoginView.m in Sources */,
				EB1052791AB676DE006CEBBE /* WelcomeView.m in Sources */,
				EB10522E1AB670B7006CEBBE /* AppDelegate.m in Sources */,
				EB10527E1AB67835006CEBBE /* ProgressHUD.m in Sources */,
				EB1052871AB6786F006CEBBE /* validators.m in Sources */,
				EB1052C91AB6C276006CEBBE /* ComposeView.m in Sources */,
				EB10522B1AB670B7006CEBBE /* main.m in Sources */,
				EB10528A1AB6A04E006CEBBE /* Reachability.m in Sources */,
				EB1052CC1AB6C2F8006CEBBE /* RecipientsView.m in Sources */,
				EB1052571AB6717A006CEBBE /* SettingsView.m in Sources */,
				EB1052621AB67239006CEBBE /* NavigationController.m in Sources */,
				EB1052761AB676BA006CEBBE /* RegisterView.m in Sources */,
				EB1052831AB6786A006CEBBE /* conversations.m in Sources */,
				EB1052B91AB6BBAD006CEBBE /* ContactsCell.m in Sources */,
				EB1052541AB6716A006CEBBE /* ContactsView.m in Sources */,
			);
			runOnlyForDeploymentPostprocessing = 0;
		};
		EB10523A1AB670B7006CEBBE /* Sources */ = {
			isa = PBXSourcesBuildPhase;
			buildActionMask = 2147483647;
			files = (
				EB1052451AB670B7006CEBBE /* RevibeTests.m in Sources */,
			);
			runOnlyForDeploymentPostprocessing = 0;
		};
/* End PBXSourcesBuildPhase section */

/* Begin PBXTargetDependency section */
		EB1052401AB670B7006CEBBE /* PBXTargetDependency */ = {
			isa = PBXTargetDependency;
			target = EB1052241AB670B7006CEBBE /* Revibe */;
			targetProxy = EB10523F1AB670B7006CEBBE /* PBXContainerItemProxy */;
		};
/* End PBXTargetDependency section */

/* Begin PBXVariantGroup section */
		EB1052321AB670B7006CEBBE /* Main.storyboard */ = {
			isa = PBXVariantGroup;
			children = (
				EB1052331AB670B7006CEBBE /* Base */,
			);
			name = Main.storyboard;
			sourceTree = "<group>";
		};
/* End PBXVariantGroup section */

/* Begin XCBuildConfiguration section */
		EB1052461AB670B7006CEBBE /* Debug */ = {
			isa = XCBuildConfiguration;
			buildSettings = {
				ALWAYS_SEARCH_USER_PATHS = NO;
				CLANG_CXX_LANGUAGE_STANDARD = "gnu++0x";
				CLANG_CXX_LIBRARY = "libc++";
				CLANG_ENABLE_MODULES = YES;
				CLANG_ENABLE_OBJC_ARC = YES;
				CLANG_WARN_BOOL_CONVERSION = YES;
				CLANG_WARN_CONSTANT_CONVERSION = YES;
				CLANG_WARN_DIRECT_OBJC_ISA_USAGE = YES_ERROR;
				CLANG_WARN_EMPTY_BODY = YES;
				CLANG_WARN_ENUM_CONVERSION = YES;
				CLANG_WARN_INT_CONVERSION = YES;
				CLANG_WARN_OBJC_ROOT_CLASS = YES_ERROR;
				CLANG_WARN_UNREACHABLE_CODE = YES;
				CLANG_WARN__DUPLICATE_METHOD_MATCH = YES;
				"CODE_SIGN_IDENTITY[sdk=iphoneos*]" = "iPhone Developer";
				COPY_PHASE_STRIP = NO;
				ENABLE_STRICT_OBJC_MSGSEND = YES;
				GCC_C_LANGUAGE_STANDARD = gnu99;
				GCC_DYNAMIC_NO_PIC = NO;
				GCC_OPTIMIZATION_LEVEL = 0;
				GCC_PREPROCESSOR_DEFINITIONS = (
					"DEBUG=1",
					"$(inherited)",
				);
				GCC_SYMBOLS_PRIVATE_EXTERN = NO;
				GCC_WARN_64_TO_32_BIT_CONVERSION = YES;
				GCC_WARN_ABOUT_RETURN_TYPE = YES_ERROR;
				GCC_WARN_UNDECLARED_SELECTOR = YES;
				GCC_WARN_UNINITIALIZED_AUTOS = YES_AGGRESSIVE;
				GCC_WARN_UNUSED_FUNCTION = YES;
				GCC_WARN_UNUSED_VARIABLE = YES;
				IPHONEOS_DEPLOYMENT_TARGET = 8.1;
				MTL_ENABLE_DEBUG_INFO = YES;
				ONLY_ACTIVE_ARCH = YES;
				SDKROOT = iphoneos;
				TARGETED_DEVICE_FAMILY = "1,2";
			};
			name = Debug;
		};
		EB1052471AB670B7006CEBBE /* Release */ = {
			isa = XCBuildConfiguration;
			buildSettings = {
				ALWAYS_SEARCH_USER_PATHS = NO;
				CLANG_CXX_LANGUAGE_STANDARD = "gnu++0x";
				CLANG_CXX_LIBRARY = "libc++";
				CLANG_ENABLE_MODULES = YES;
				CLANG_ENABLE_OBJC_ARC = YES;
				CLANG_WARN_BOOL_CONVERSION = YES;
				CLANG_WARN_CONSTANT_CONVERSION = YES;
				CLANG_WARN_DIRECT_OBJC_ISA_USAGE = YES_ERROR;
				CLANG_WARN_EMPTY_BODY = YES;
				CLANG_WARN_ENUM_CONVERSION = YES;
				CLANG_WARN_INT_CONVERSION = YES;
				CLANG_WARN_OBJC_ROOT_CLASS = YES_ERROR;
				CLANG_WARN_UNREACHABLE_CODE = YES;
				CLANG_WARN__DUPLICATE_METHOD_MATCH = YES;
				"CODE_SIGN_IDENTITY[sdk=iphoneos*]" = "iPhone Developer";
				COPY_PHASE_STRIP = YES;
				ENABLE_NS_ASSERTIONS = NO;
				ENABLE_STRICT_OBJC_MSGSEND = YES;
				GCC_C_LANGUAGE_STANDARD = gnu99;
				GCC_WARN_64_TO_32_BIT_CONVERSION = YES;
				GCC_WARN_ABOUT_RETURN_TYPE = YES_ERROR;
				GCC_WARN_UNDECLARED_SELECTOR = YES;
				GCC_WARN_UNINITIALIZED_AUTOS = YES_AGGRESSIVE;
				GCC_WARN_UNUSED_FUNCTION = YES;
				GCC_WARN_UNUSED_VARIABLE = YES;
				IPHONEOS_DEPLOYMENT_TARGET = 8.1;
				MTL_ENABLE_DEBUG_INFO = NO;
				SDKROOT = iphoneos;
				TARGETED_DEVICE_FAMILY = "1,2";
				VALIDATE_PRODUCT = YES;
			};
			name = Release;
		};
		EB1052491AB670B7006CEBBE /* Debug */ = {
			isa = XCBuildConfiguration;
			buildSettings = {
				ASSETCATALOG_COMPILER_APPICON_NAME = AppIcon;
				CODE_SIGN_IDENTITY = "iPhone Developer";
				FRAMEWORK_SEARCH_PATHS = (
					"$(inherited)",
					/Users/Sony/Dropbox/Programming/iOS,
					Projects/Revibe/Revibe/Frameworks,
					"$(PROJECT_DIR)/Frameworks",
				);
				INFOPLIST_FILE = Revibe/Info.plist;
				IPHONEOS_DEPLOYMENT_TARGET = 8.0;
				LD_RUNPATH_SEARCH_PATHS = "$(inherited) @executable_path/Frameworks";
				PRODUCT_NAME = "$(TARGET_NAME)";
			};
			name = Debug;
		};
		EB10524A1AB670B7006CEBBE /* Release */ = {
			isa = XCBuildConfiguration;
			buildSettings = {
				ASSETCATALOG_COMPILER_APPICON_NAME = AppIcon;
				CODE_SIGN_IDENTITY = "iPhone Developer";
				FRAMEWORK_SEARCH_PATHS = (
					"$(inherited)",
					/Users/Sony/Dropbox/Programming/iOS,
					Projects/Revibe/Revibe/Frameworks,
					"$(PROJECT_DIR)/Frameworks",
				);
				INFOPLIST_FILE = Revibe/Info.plist;
				IPHONEOS_DEPLOYMENT_TARGET = 8.0;
				LD_RUNPATH_SEARCH_PATHS = "$(inherited) @executable_path/Frameworks";
				PRODUCT_NAME = "$(TARGET_NAME)";
			};
			name = Release;
		};
		EB10524C1AB670B7006CEBBE /* Debug */ = {
			isa = XCBuildConfiguration;
			buildSettings = {
				BUNDLE_LOADER = "$(TEST_HOST)";
				FRAMEWORK_SEARCH_PATHS = (
					"$(SDKROOT)/Developer/Library/Frameworks",
					"$(inherited)",
				);
				GCC_PREPROCESSOR_DEFINITIONS = (
					"DEBUG=1",
					"$(inherited)",
				);
				INFOPLIST_FILE = RevibeTests/Info.plist;
				LD_RUNPATH_SEARCH_PATHS = "$(inherited) @executable_path/Frameworks @loader_path/Frameworks";
				PRODUCT_NAME = "$(TARGET_NAME)";
				TEST_HOST = "$(BUILT_PRODUCTS_DIR)/Revibe.app/Revibe";
			};
			name = Debug;
		};
		EB10524D1AB670B7006CEBBE /* Release */ = {
			isa = XCBuildConfiguration;
			buildSettings = {
				BUNDLE_LOADER = "$(TEST_HOST)";
				FRAMEWORK_SEARCH_PATHS = (
					"$(SDKROOT)/Developer/Library/Frameworks",
					"$(inherited)",
				);
				INFOPLIST_FILE = RevibeTests/Info.plist;
				LD_RUNPATH_SEARCH_PATHS = "$(inherited) @executable_path/Frameworks @loader_path/Frameworks";
				PRODUCT_NAME = "$(TARGET_NAME)";
				TEST_HOST = "$(BUILT_PRODUCTS_DIR)/Revibe.app/Revibe";
			};
			name = Release;
		};
/* End XCBuildConfiguration section */

/* Begin XCConfigurationList section */
		EB1052201AB670B7006CEBBE /* Build configuration list for PBXProject "Revibe" */ = {
			isa = XCConfigurationList;
			buildConfigurations = (
				EB1052461AB670B7006CEBBE /* Debug */,
				EB1052471AB670B7006CEBBE /* Release */,
			);
			defaultConfigurationIsVisible = 0;
			defaultConfigurationName = Release;
		};
		EB1052481AB670B7006CEBBE /* Build configuration list for PBXNativeTarget "Revibe" */ = {
			isa = XCConfigurationList;
			buildConfigurations = (
				EB1052491AB670B7006CEBBE /* Debug */,
				EB10524A1AB670B7006CEBBE /* Release */,
			);
			defaultConfigurationIsVisible = 0;
			defaultConfigurationName = Release;
		};
		EB10524B1AB670B7006CEBBE /* Build configuration list for PBXNativeTarget "RevibeTests" */ = {
			isa = XCConfigurationList;
			buildConfigurations = (
				EB10524C1AB670B7006CEBBE /* Debug */,
				EB10524D1AB670B7006CEBBE /* Release */,
			);
			defaultConfigurationIsVisible = 0;
			defaultConfigurationName = Release;
		};
/* End XCConfigurationList section */
	};
	rootObject = EB10521D1AB670B7006CEBBE /* Project object */;
}
