// !$*UTF8*$!
{
	archiveVersion = 1;
	classes = {
	};
	objectVersion = 46;
	objects = {

/* Begin PBXBuildFile section */
		29038C501A5BE5650094080B /* ChatCell.m in Sources */ = {isa = PBXBuildFile; fileRef = 29038C4E1A5BE5650094080B /* ChatCell.m */; };
		29038C511A5BE5650094080B /* ChatCell.xib in Resources */ = {isa = PBXBuildFile; fileRef = 29038C4F1A5BE5650094080B /* ChatCell.xib */; };
		292B5BF41A59788D0085CD0D /* ComposeView.m in Sources */ = {isa = PBXBuildFile; fileRef = 292B5BF21A59788D0085CD0D /* ComposeView.m */; };
		292B5BF51A59788D0085CD0D /* ComposeView.xib in Resources */ = {isa = PBXBuildFile; fileRef = 292B5BF31A59788D0085CD0D /* ComposeView.xib */; };
		293054E21A3F670D00D27F02 /* libsqlite3.dylib in Frameworks */ = {isa = PBXBuildFile; fileRef = 293054E11A3F670D00D27F02 /* libsqlite3.dylib */; };
		293054E61A3F675800D27F02 /* libz.dylib in Frameworks */ = {isa = PBXBuildFile; fileRef = 293054E51A3F675800D27F02 /* libz.dylib */; };
		293054E81A3F677B00D27F02 /* SystemConfiguration.framework in Frameworks */ = {isa = PBXBuildFile; fileRef = 293054E71A3F677B00D27F02 /* SystemConfiguration.framework */; };
		293054EA1A3F678500D27F02 /* StoreKit.framework in Frameworks */ = {isa = PBXBuildFile; fileRef = 293054E91A3F678500D27F02 /* StoreKit.framework */; };
		293054EC1A3F678E00D27F02 /* Security.framework in Frameworks */ = {isa = PBXBuildFile; fileRef = 293054EB1A3F678E00D27F02 /* Security.framework */; };
		293054EE1A3F679400D27F02 /* QuartzCore.framework in Frameworks */ = {isa = PBXBuildFile; fileRef = 293054ED1A3F679400D27F02 /* QuartzCore.framework */; };
		293054F01A3F679E00D27F02 /* MobileCoreServices.framework in Frameworks */ = {isa = PBXBuildFile; fileRef = 293054EF1A3F679E00D27F02 /* MobileCoreServices.framework */; };
		293054F21A3F67A500D27F02 /* CoreLocation.framework in Frameworks */ = {isa = PBXBuildFile; fileRef = 293054F11A3F67A500D27F02 /* CoreLocation.framework */; };
		293054F41A3F67AF00D27F02 /* CoreGraphics.framework in Frameworks */ = {isa = PBXBuildFile; fileRef = 293054F31A3F67AF00D27F02 /* CoreGraphics.framework */; };
		293054F61A3F67B500D27F02 /* CFNetwork.framework in Frameworks */ = {isa = PBXBuildFile; fileRef = 293054F51A3F67B500D27F02 /* CFNetwork.framework */; };
		293054F81A3F67BC00D27F02 /* AudioToolbox.framework in Frameworks */ = {isa = PBXBuildFile; fileRef = 293054F71A3F67BC00D27F02 /* AudioToolbox.framework */; };
		293055241A3F83BC00D27F02 /* ProgressHUD.bundle in Resources */ = {isa = PBXBuildFile; fileRef = 293055211A3F83BC00D27F02 /* ProgressHUD.bundle */; };
		293055251A3F83BC00D27F02 /* ProgressHUD.m in Sources */ = {isa = PBXBuildFile; fileRef = 293055231A3F83BC00D27F02 /* ProgressHUD.m */; };
		2943597A1A55862000532BFD /* Parse.framework in Frameworks */ = {isa = PBXBuildFile; fileRef = 294359781A55862000532BFD /* Parse.framework */; };
		2943597B1A55862000532BFD /* ParseUI.framework in Frameworks */ = {isa = PBXBuildFile; fileRef = 294359791A55862000532BFD /* ParseUI.framework */; };
		2943597D1A55863D00532BFD /* Bolts.framework in Frameworks */ = {isa = PBXBuildFile; fileRef = 2943597C1A55863D00532BFD /* Bolts.framework */; };
		2943597F1A5588D800532BFD /* Firebase.framework in Frameworks */ = {isa = PBXBuildFile; fileRef = 2943597E1A5588D800532BFD /* Firebase.framework */; };
		294359811A55890C00532BFD /* libc++.dylib in Frameworks */ = {isa = PBXBuildFile; fileRef = 294359801A55890C00532BFD /* libc++.dylib */; };
		294359831A55891400532BFD /* libicucore.dylib in Frameworks */ = {isa = PBXBuildFile; fileRef = 294359821A55891400532BFD /* libicucore.dylib */; };
		294359851A558C4700532BFD /* Social.framework in Frameworks */ = {isa = PBXBuildFile; fileRef = 294359841A558C4700532BFD /* Social.framework */; };
		294359871A558C5200532BFD /* Accounts.framework in Frameworks */ = {isa = PBXBuildFile; fileRef = 294359861A558C5200532BFD /* Accounts.framework */; };
		2958FE7F1A55F17600137C0D /* NavigationController.m in Sources */ = {isa = PBXBuildFile; fileRef = 2958FE3A1A55F17600137C0D /* NavigationController.m */; };
		2958FE821A55F17600137C0D /* RecipientsView.m in Sources */ = {isa = PBXBuildFile; fileRef = 2958FE411A55F17600137C0D /* RecipientsView.m */; };
		2958FE831A55F17600137C0D /* RecipientsView.xib in Resources */ = {isa = PBXBuildFile; fileRef = 2958FE421A55F17600137C0D /* RecipientsView.xib */; };
		2958FE841A55F17600137C0D /* MainCell.m in Sources */ = {isa = PBXBuildFile; fileRef = 2958FE461A55F17600137C0D /* MainCell.m */; };
		2958FE851A55F17600137C0D /* MainCell.xib in Resources */ = {isa = PBXBuildFile; fileRef = 2958FE471A55F17600137C0D /* MainCell.xib */; };
		2958FE861A55F17600137C0D /* MainView.m in Sources */ = {isa = PBXBuildFile; fileRef = 2958FE491A55F17600137C0D /* MainView.m */; };
		2958FE871A55F17600137C0D /* MainView.xib in Resources */ = {isa = PBXBuildFile; fileRef = 2958FE4A1A55F17600137C0D /* MainView.xib */; };
		2958FE881A55F17600137C0D /* ContactsCell.m in Sources */ = {isa = PBXBuildFile; fileRef = 2958FE4D1A55F17600137C0D /* ContactsCell.m */; };
		2958FE891A55F17600137C0D /* ContactsCell.xib in Resources */ = {isa = PBXBuildFile; fileRef = 2958FE4E1A55F17600137C0D /* ContactsCell.xib */; };
		2958FE8A1A55F17600137C0D /* ContactsView.m in Sources */ = {isa = PBXBuildFile; fileRef = 2958FE501A55F17600137C0D /* ContactsView.m */; };
		2958FE8B1A55F17600137C0D /* ContactsView.xib in Resources */ = {isa = PBXBuildFile; fileRef = 2958FE511A55F17600137C0D /* ContactsView.xib */; };
		2958FE8C1A55F17600137C0D /* BlockedView.m in Sources */ = {isa = PBXBuildFile; fileRef = 2958FE551A55F17600137C0D /* BlockedView.m */; };
		2958FE8D1A55F17600137C0D /* BlockedView.xib in Resources */ = {isa = PBXBuildFile; fileRef = 2958FE561A55F17600137C0D /* BlockedView.xib */; };
		2958FE8E1A55F17600137C0D /* AccountView.m in Sources */ = {isa = PBXBuildFile; fileRef = 2958FE591A55F17600137C0D /* AccountView.m */; };
		2958FE8F1A55F17600137C0D /* AccountView.xib in Resources */ = {isa = PBXBuildFile; fileRef = 2958FE5A1A55F17600137C0D /* AccountView.xib */; };
		2958FE901A55F17600137C0D /* EmailView.m in Sources */ = {isa = PBXBuildFile; fileRef = 2958FE5C1A55F17600137C0D /* EmailView.m */; };
		2958FE911A55F17600137C0D /* EmailView.xib in Resources */ = {isa = PBXBuildFile; fileRef = 2958FE5D1A55F17600137C0D /* EmailView.xib */; };
		2958FE921A55F17600137C0D /* PasswordView.m in Sources */ = {isa = PBXBuildFile; fileRef = 2958FE5F1A55F17600137C0D /* PasswordView.m */; };
		2958FE931A55F17600137C0D /* PasswordView.xib in Resources */ = {isa = PBXBuildFile; fileRef = 2958FE601A55F17600137C0D /* PasswordView.xib */; };
		2958FE941A55F17600137C0D /* SupportView.m in Sources */ = {isa = PBXBuildFile; fileRef = 2958FE631A55F17600137C0D /* SupportView.m */; };
		2958FE951A55F17600137C0D /* SupportView.xib in Resources */ = {isa = PBXBuildFile; fileRef = 2958FE641A55F17600137C0D /* SupportView.xib */; };
		2958FE961A55F17600137C0D /* TermsView.m in Sources */ = {isa = PBXBuildFile; fileRef = 2958FE671A55F17600137C0D /* TermsView.m */; };
		2958FE971A55F17600137C0D /* TermsView.xib in Resources */ = {isa = PBXBuildFile; fileRef = 2958FE681A55F17600137C0D /* TermsView.xib */; };
		2958FE981A55F17600137C0D /* SettingsView.m in Sources */ = {isa = PBXBuildFile; fileRef = 2958FE6A1A55F17600137C0D /* SettingsView.m */; };
		2958FE991A55F17600137C0D /* SettingsView.xib in Resources */ = {isa = PBXBuildFile; fileRef = 2958FE6B1A55F17600137C0D /* SettingsView.xib */; };
		2958FE9A1A55F17600137C0D /* LoginView.m in Sources */ = {isa = PBXBuildFile; fileRef = 2958FE6E1A55F17600137C0D /* LoginView.m */; };
		2958FE9B1A55F17600137C0D /* LoginView.xib in Resources */ = {isa = PBXBuildFile; fileRef = 2958FE6F1A55F17600137C0D /* LoginView.xib */; };
		2958FE9C1A55F17600137C0D /* RegisterView.m in Sources */ = {isa = PBXBuildFile; fileRef = 2958FE711A55F17600137C0D /* RegisterView.m */; };
		2958FE9D1A55F17600137C0D /* RegisterView.xib in Resources */ = {isa = PBXBuildFile; fileRef = 2958FE721A55F17600137C0D /* RegisterView.xib */; };
		2958FE9E1A55F17600137C0D /* WelcomeView.m in Sources */ = {isa = PBXBuildFile; fileRef = 2958FE741A55F17600137C0D /* WelcomeView.m */; };
		2958FE9F1A55F17600137C0D /* WelcomeView.xib in Resources */ = {isa = PBXBuildFile; fileRef = 2958FE751A55F17600137C0D /* WelcomeView.xib */; };
		2958FEA01A55F17600137C0D /* conversations.m in Sources */ = {isa = PBXBuildFile; fileRef = 2958FE781A55F17600137C0D /* conversations.m */; };
		2958FEA11A55F17600137C0D /* pushnotification.m in Sources */ = {isa = PBXBuildFile; fileRef = 2958FE7A1A55F17600137C0D /* pushnotification.m */; };
		2958FEA21A55F17600137C0D /* utilities.m in Sources */ = {isa = PBXBuildFile; fileRef = 2958FE7C1A55F17600137C0D /* utilities.m */; };
		2958FEA31A55F17600137C0D /* validators.m in Sources */ = {isa = PBXBuildFile; fileRef = 2958FE7E1A55F17600137C0D /* validators.m */; };
		29A1F38C1A5AA90000AE234C /* ChatView.m in Sources */ = {isa = PBXBuildFile; fileRef = 29A1F38A1A5AA90000AE234C /* ChatView.m */; };
		29A1F38D1A5AA90000AE234C /* ChatView.xib in Resources */ = {isa = PBXBuildFile; fileRef = 29A1F38B1A5AA90000AE234C /* ChatView.xib */; };
		29DD818B1A5D8D9C0084953C /* account_arrow@2x.png in Resources */ = {isa = PBXBuildFile; fileRef = 29DD81581A5D8D9C0084953C /* account_arrow@2x.png */; };
		29DD818C1A5D8D9C0084953C /* blocked_unblock@2x.png in Resources */ = {isa = PBXBuildFile; fileRef = 29DD815A1A5D8D9C0084953C /* blocked_unblock@2x.png */; };
		29DD818D1A5D8D9C0084953C /* button_back@2x.png in Resources */ = {isa = PBXBuildFile; fileRef = 29DD815C1A5D8D9C0084953C /* button_back@2x.png */; };
		29DD818E1A5D8D9C0084953C /* chat_block@2x.png in Resources */ = {isa = PBXBuildFile; fileRef = 29DD815E1A5D8D9C0084953C /* chat_block@2x.png */; };
		29DD818F1A5D8D9C0084953C /* chat_heart@2x.png in Resources */ = {isa = PBXBuildFile; fileRef = 29DD815F1A5D8D9C0084953C /* chat_heart@2x.png */; };
		29DD81901A5D8D9C0084953C /* chat_incoming1@2x.png in Resources */ = {isa = PBXBuildFile; fileRef = 29DD81601A5D8D9C0084953C /* chat_incoming1@2x.png */; };
		29DD81921A5D8D9C0084953C /* chat_outgoing1@2x.png in Resources */ = {isa = PBXBuildFile; fileRef = 29DD81621A5D8D9C0084953C /* chat_outgoing1@2x.png */; };
		29DD81941A5D8D9C0084953C /* compose_send@2x.png in Resources */ = {isa = PBXBuildFile; fileRef = 29DD81651A5D8D9C0084953C /* compose_send@2x.png */; };
		29DD81951A5D8D9C0084953C /* contacts_add@2x.png in Resources */ = {isa = PBXBuildFile; fileRef = 29DD81671A5D8D9C0084953C /* contacts_add@2x.png */; };
		29DD81961A5D8D9C0084953C /* contacts_heart@2x.png in Resources */ = {isa = PBXBuildFile; fileRef = 29DD81681A5D8D9C0084953C /* contacts_heart@2x.png */; };
		29DD81971A5D8D9C0084953C /* contacts_invite@2x.png in Resources */ = {isa = PBXBuildFile; fileRef = 29DD81691A5D8D9C0084953C /* contacts_invite@2x.png */; };
		29DD81981A5D8D9C0084953C /* contacts_registered@2x.png in Resources */ = {isa = PBXBuildFile; fileRef = 29DD816A1A5D8D9C0084953C /* contacts_registered@2x.png */; };
		29DD81991A5D8D9C0084953C /* login_button@2x.png in Resources */ = {isa = PBXBuildFile; fileRef = 29DD816C1A5D8D9C0084953C /* login_button@2x.png */; };
		29DD819A1A5D8D9C0084953C /* main_incoming@2x.png in Resources */ = {isa = PBXBuildFile; fileRef = 29DD816E1A5D8D9C0084953C /* main_incoming@2x.png */; };
		29DD819B1A5D8D9C0084953C /* main_liked_no@2x.png in Resources */ = {isa = PBXBuildFile; fileRef = 29DD816F1A5D8D9C0084953C /* main_liked_no@2x.png */; };
		29DD819C1A5D8D9C0084953C /* main_liked_yes@2x.png in Resources */ = {isa = PBXBuildFile; fileRef = 29DD81701A5D8D9C0084953C /* main_liked_yes@2x.png */; };
		29DD819D1A5D8D9C0084953C /* main_unread@2x.png in Resources */ = {isa = PBXBuildFile; fileRef = 29DD81711A5D8D9C0084953C /* main_unread@2x.png */; };
		29DD819E1A5D8D9C0084953C /* recipients_checked_no@2x.png in Resources */ = {isa = PBXBuildFile; fileRef = 29DD81731A5D8D9C0084953C /* recipients_checked_no@2x.png */; };
		29DD819F1A5D8D9C0084953C /* recipients_checked_yes@2x.png in Resources */ = {isa = PBXBuildFile; fileRef = 29DD81741A5D8D9C0084953C /* recipients_checked_yes@2x.png */; };
		29DD81A01A5D8D9C0084953C /* recipients_invite@2x.png in Resources */ = {isa = PBXBuildFile; fileRef = 29DD81751A5D8D9C0084953C /* recipients_invite@2x.png */; };
		29DD81A11A5D8D9C0084953C /* recipients_send@2x.png in Resources */ = {isa = PBXBuildFile; fileRef = 29DD81761A5D8D9C0084953C /* recipients_send@2x.png */; };
		29DD81A21A5D8D9C0084953C /* register_button@2x.png in Resources */ = {isa = PBXBuildFile; fileRef = 29DD81781A5D8D9C0084953C /* register_button@2x.png */; };
		29DD81A31A5D8D9C0084953C /* settings_arrow@2x.png in Resources */ = {isa = PBXBuildFile; fileRef = 29DD817A1A5D8D9C0084953C /* settings_arrow@2x.png */; };
		29DD81A41A5D8D9C0084953C /* settings_heart@2x.png in Resources */ = {isa = PBXBuildFile; fileRef = 29DD817B1A5D8D9C0084953C /* settings_heart@2x.png */; };
		29DD81A51A5D8D9C0084953C /* settings_logout@2x.png in Resources */ = {isa = PBXBuildFile; fileRef = 29DD817C1A5D8D9C0084953C /* settings_logout@2x.png */; };
		29DD81A61A5D8D9C0084953C /* settings_off@2x.png in Resources */ = {isa = PBXBuildFile; fileRef = 29DD817D1A5D8D9C0084953C /* settings_off@2x.png */; };
		29DD81A71A5D8D9C0084953C /* settings_on@2x.png in Resources */ = {isa = PBXBuildFile; fileRef = 29DD817E1A5D8D9C0084953C /* settings_on@2x.png */; };
		29DD81A81A5D8D9C0084953C /* tab1a@2x.png in Resources */ = {isa = PBXBuildFile; fileRef = 29DD81801A5D8D9C0084953C /* tab1a@2x.png */; };
		29DD81A91A5D8D9C0084953C /* tab1b@2x.png in Resources */ = {isa = PBXBuildFile; fileRef = 29DD81811A5D8D9C0084953C /* tab1b@2x.png */; };
		29DD81AA1A5D8D9C0084953C /* tab2a@2x.png in Resources */ = {isa = PBXBuildFile; fileRef = 29DD81821A5D8D9C0084953C /* tab2a@2x.png */; };
		29DD81AB1A5D8D9C0084953C /* tab2b@2x.png in Resources */ = {isa = PBXBuildFile; fileRef = 29DD81831A5D8D9C0084953C /* tab2b@2x.png */; };
		29DD81AC1A5D8D9C0084953C /* tab3a@2x.png in Resources */ = {isa = PBXBuildFile; fileRef = 29DD81841A5D8D9C0084953C /* tab3a@2x.png */; };
		29DD81AD1A5D8D9C0084953C /* tab3b@2x.png in Resources */ = {isa = PBXBuildFile; fileRef = 29DD81851A5D8D9C0084953C /* tab3b@2x.png */; };
		29DD81AE1A5D8D9C0084953C /* tabbar_badge@2x.png in Resources */ = {isa = PBXBuildFile; fileRef = 29DD81861A5D8D9C0084953C /* tabbar_badge@2x.png */; };
		29DD81AF1A5D8D9C0084953C /* welcome_background@2x.png in Resources */ = {isa = PBXBuildFile; fileRef = 29DD81881A5D8D9C0084953C /* welcome_background@2x.png */; };
		29DD81B01A5D8D9C0084953C /* welcome_login@2x.png in Resources */ = {isa = PBXBuildFile; fileRef = 29DD81891A5D8D9C0084953C /* welcome_login@2x.png */; };
		29DD81B11A5D8D9C0084953C /* welcome_signup@2x.png in Resources */ = {isa = PBXBuildFile; fileRef = 29DD818A1A5D8D9C0084953C /* welcome_signup@2x.png */; };
		29EB240B19E9292500D7AA97 /* main.m in Sources */ = {isa = PBXBuildFile; fileRef = 29EB240A19E9292500D7AA97 /* main.m */; };
		29EB240E19E9292500D7AA97 /* AppDelegate.m in Sources */ = {isa = PBXBuildFile; fileRef = 29EB240D19E9292500D7AA97 /* AppDelegate.m */; };
		29EB241619E9292500D7AA97 /* Images.xcassets in Resources */ = {isa = PBXBuildFile; fileRef = 29EB241519E9292500D7AA97 /* Images.xcassets */; };
		5256241B1A65FA0300ABF2B6 /* main_background2.png in Resources */ = {isa = PBXBuildFile; fileRef = 5256241A1A65FA0300ABF2B6 /* main_background2.png */; };
		5256241D1A65FA1800ABF2B6 /* noMessageImage.png in Resources */ = {isa = PBXBuildFile; fileRef = 5256241C1A65FA1800ABF2B6 /* noMessageImage.png */; };
		5256241F1A65FB5500ABF2B6 /* chat_incoming2@2x.png in Resources */ = {isa = PBXBuildFile; fileRef = 5256241E1A65FB5500ABF2B6 /* chat_incoming2@2x.png */; };
		525624211A65FB6100ABF2B6 /* chat_outgoing2@2x.png in Resources */ = {isa = PBXBuildFile; fileRef = 525624201A65FB6100ABF2B6 /* chat_outgoing2@2x.png */; };
		52E0D5B61A64E9B40061D88B /* contacts_background.png in Resources */ = {isa = PBXBuildFile; fileRef = 52E0D5B51A64E9B40061D88B /* contacts_background.png */; };
		52E0D5BC1A6500130061D88B /* compose_chatbox_background.png in Resources */ = {isa = PBXBuildFile; fileRef = 52E0D5BB1A6500130061D88B /* compose_chatbox_background.png */; };
		52E0D5C01A65AC860061D88B /* blocked_background.png in Resources */ = {isa = PBXBuildFile; fileRef = 52E0D5BF1A65AC860061D88B /* blocked_background.png */; };
		EBA2316F1AAE59D900275281 /* Reachability.m in Sources */ = {isa = PBXBuildFile; fileRef = EBA2316E1AAE59D900275281 /* Reachability.m */; };
/* End PBXBuildFile section */

/* Begin PBXFileReference section */
		29038C4D1A5BE5650094080B /* ChatCell.h */ = {isa = PBXFileReference; fileEncoding = 4; lastKnownFileType = sourcecode.c.h; path = ChatCell.h; sourceTree = "<group>"; };
		29038C4E1A5BE5650094080B /* ChatCell.m */ = {isa = PBXFileReference; fileEncoding = 4; lastKnownFileType = sourcecode.c.objc; path = ChatCell.m; sourceTree = "<group>"; };
		29038C4F1A5BE5650094080B /* ChatCell.xib */ = {isa = PBXFileReference; fileEncoding = 4; lastKnownFileType = file.xib; path = ChatCell.xib; sourceTree = "<group>"; };
		292B5BF11A59788D0085CD0D /* ComposeView.h */ = {isa = PBXFileReference; fileEncoding = 4; lastKnownFileType = sourcecode.c.h; path = ComposeView.h; sourceTree = "<group>"; };
		292B5BF21A59788D0085CD0D /* ComposeView.m */ = {isa = PBXFileReference; fileEncoding = 4; lastKnownFileType = sourcecode.c.objc; path = ComposeView.m; sourceTree = "<group>"; };
		292B5BF31A59788D0085CD0D /* ComposeView.xib */ = {isa = PBXFileReference; fileEncoding = 4; lastKnownFileType = file.xib; path = ComposeView.xib; sourceTree = "<group>"; };
		293054E11A3F670D00D27F02 /* libsqlite3.dylib */ = {isa = PBXFileReference; lastKnownFileType = "compiled.mach-o.dylib"; name = libsqlite3.dylib; path = usr/lib/libsqlite3.dylib; sourceTree = SDKROOT; };
		293054E51A3F675800D27F02 /* libz.dylib */ = {isa = PBXFileReference; lastKnownFileType = "compiled.mach-o.dylib"; name = libz.dylib; path = usr/lib/libz.dylib; sourceTree = SDKROOT; };
		293054E71A3F677B00D27F02 /* SystemConfiguration.framework */ = {isa = PBXFileReference; lastKnownFileType = wrapper.framework; name = SystemConfiguration.framework; path = System/Library/Frameworks/SystemConfiguration.framework; sourceTree = SDKROOT; };
		293054E91A3F678500D27F02 /* StoreKit.framework */ = {isa = PBXFileReference; lastKnownFileType = wrapper.framework; name = StoreKit.framework; path = System/Library/Frameworks/StoreKit.framework; sourceTree = SDKROOT; };
		293054EB1A3F678E00D27F02 /* Security.framework */ = {isa = PBXFileReference; lastKnownFileType = wrapper.framework; name = Security.framework; path = System/Library/Frameworks/Security.framework; sourceTree = SDKROOT; };
		293054ED1A3F679400D27F02 /* QuartzCore.framework */ = {isa = PBXFileReference; lastKnownFileType = wrapper.framework; name = QuartzCore.framework; path = System/Library/Frameworks/QuartzCore.framework; sourceTree = SDKROOT; };
		293054EF1A3F679E00D27F02 /* MobileCoreServices.framework */ = {isa = PBXFileReference; lastKnownFileType = wrapper.framework; name = MobileCoreServices.framework; path = System/Library/Frameworks/MobileCoreServices.framework; sourceTree = SDKROOT; };
		293054F11A3F67A500D27F02 /* CoreLocation.framework */ = {isa = PBXFileReference; lastKnownFileType = wrapper.framework; name = CoreLocation.framework; path = System/Library/Frameworks/CoreLocation.framework; sourceTree = SDKROOT; };
		293054F31A3F67AF00D27F02 /* CoreGraphics.framework */ = {isa = PBXFileReference; lastKnownFileType = wrapper.framework; name = CoreGraphics.framework; path = System/Library/Frameworks/CoreGraphics.framework; sourceTree = SDKROOT; };
		293054F51A3F67B500D27F02 /* CFNetwork.framework */ = {isa = PBXFileReference; lastKnownFileType = wrapper.framework; name = CFNetwork.framework; path = System/Library/Frameworks/CFNetwork.framework; sourceTree = SDKROOT; };
		293054F71A3F67BC00D27F02 /* AudioToolbox.framework */ = {isa = PBXFileReference; lastKnownFileType = wrapper.framework; name = AudioToolbox.framework; path = System/Library/Frameworks/AudioToolbox.framework; sourceTree = SDKROOT; };
		293055211A3F83BC00D27F02 /* ProgressHUD.bundle */ = {isa = PBXFileReference; lastKnownFileType = "wrapper.plug-in"; path = ProgressHUD.bundle; sourceTree = "<group>"; };
		293055221A3F83BC00D27F02 /* ProgressHUD.h */ = {isa = PBXFileReference; fileEncoding = 4; lastKnownFileType = sourcecode.c.h; path = ProgressHUD.h; sourceTree = "<group>"; };
		293055231A3F83BC00D27F02 /* ProgressHUD.m */ = {isa = PBXFileReference; fileEncoding = 4; lastKnownFileType = sourcecode.c.objc; path = ProgressHUD.m; sourceTree = "<group>"; };
		294359781A55862000532BFD /* Parse.framework */ = {isa = PBXFileReference; lastKnownFileType = wrapper.framework; path = Parse.framework; sourceTree = "<group>"; };
		294359791A55862000532BFD /* ParseUI.framework */ = {isa = PBXFileReference; lastKnownFileType = wrapper.framework; path = ParseUI.framework; sourceTree = "<group>"; };
		2943597C1A55863D00532BFD /* Bolts.framework */ = {isa = PBXFileReference; lastKnownFileType = wrapper.framework; path = Bolts.framework; sourceTree = "<group>"; };
		2943597E1A5588D800532BFD /* Firebase.framework */ = {isa = PBXFileReference; lastKnownFileType = wrapper.framework; path = Firebase.framework; sourceTree = "<group>"; };
		294359801A55890C00532BFD /* libc++.dylib */ = {isa = PBXFileReference; lastKnownFileType = "compiled.mach-o.dylib"; name = "libc++.dylib"; path = "usr/lib/libc++.dylib"; sourceTree = SDKROOT; };
		294359821A55891400532BFD /* libicucore.dylib */ = {isa = PBXFileReference; lastKnownFileType = "compiled.mach-o.dylib"; name = libicucore.dylib; path = usr/lib/libicucore.dylib; sourceTree = SDKROOT; };
		294359841A558C4700532BFD /* Social.framework */ = {isa = PBXFileReference; lastKnownFileType = wrapper.framework; name = Social.framework; path = System/Library/Frameworks/Social.framework; sourceTree = SDKROOT; };
		294359861A558C5200532BFD /* Accounts.framework */ = {isa = PBXFileReference; lastKnownFileType = wrapper.framework; name = Accounts.framework; path = System/Library/Frameworks/Accounts.framework; sourceTree = SDKROOT; };
		2958FE391A55F17600137C0D /* NavigationController.h */ = {isa = PBXFileReference; fileEncoding = 4; lastKnownFileType = sourcecode.c.h; path = NavigationController.h; sourceTree = "<group>"; };
		2958FE3A1A55F17600137C0D /* NavigationController.m */ = {isa = PBXFileReference; fileEncoding = 4; lastKnownFileType = sourcecode.c.objc; path = NavigationController.m; sourceTree = "<group>"; };
		2958FE401A55F17600137C0D /* RecipientsView.h */ = {isa = PBXFileReference; fileEncoding = 4; lastKnownFileType = sourcecode.c.h; path = RecipientsView.h; sourceTree = "<group>"; };
		2958FE411A55F17600137C0D /* RecipientsView.m */ = {isa = PBXFileReference; fileEncoding = 4; lastKnownFileType = sourcecode.c.objc; path = RecipientsView.m; sourceTree = "<group>"; };
		2958FE421A55F17600137C0D /* RecipientsView.xib */ = {isa = PBXFileReference; fileEncoding = 4; lastKnownFileType = file.xib; path = RecipientsView.xib; sourceTree = "<group>"; };
		2958FE451A55F17600137C0D /* MainCell.h */ = {isa = PBXFileReference; fileEncoding = 4; lastKnownFileType = sourcecode.c.h; path = MainCell.h; sourceTree = "<group>"; };
		2958FE461A55F17600137C0D /* MainCell.m */ = {isa = PBXFileReference; fileEncoding = 4; lastKnownFileType = sourcecode.c.objc; path = MainCell.m; sourceTree = "<group>"; };
		2958FE471A55F17600137C0D /* MainCell.xib */ = {isa = PBXFileReference; fileEncoding = 4; lastKnownFileType = file.xib; path = MainCell.xib; sourceTree = "<group>"; };
		2958FE481A55F17600137C0D /* MainView.h */ = {isa = PBXFileReference; fileEncoding = 4; lastKnownFileType = sourcecode.c.h; path = MainView.h; sourceTree = "<group>"; };
		2958FE491A55F17600137C0D /* MainView.m */ = {isa = PBXFileReference; fileEncoding = 4; lastKnownFileType = sourcecode.c.objc; path = MainView.m; sourceTree = "<group>"; };
		2958FE4A1A55F17600137C0D /* MainView.xib */ = {isa = PBXFileReference; fileEncoding = 4; lastKnownFileType = file.xib; path = MainView.xib; sourceTree = "<group>"; };
		2958FE4C1A55F17600137C0D /* ContactsCell.h */ = {isa = PBXFileReference; fileEncoding = 4; lastKnownFileType = sourcecode.c.h; path = ContactsCell.h; sourceTree = "<group>"; };
		2958FE4D1A55F17600137C0D /* ContactsCell.m */ = {isa = PBXFileReference; fileEncoding = 4; lastKnownFileType = sourcecode.c.objc; path = ContactsCell.m; sourceTree = "<group>"; };
		2958FE4E1A55F17600137C0D /* ContactsCell.xib */ = {isa = PBXFileReference; fileEncoding = 4; lastKnownFileType = file.xib; path = ContactsCell.xib; sourceTree = "<group>"; };
		2958FE4F1A55F17600137C0D /* ContactsView.h */ = {isa = PBXFileReference; fileEncoding = 4; lastKnownFileType = sourcecode.c.h; path = ContactsView.h; sourceTree = "<group>"; };
		2958FE501A55F17600137C0D /* ContactsView.m */ = {isa = PBXFileReference; fileEncoding = 4; lastKnownFileType = sourcecode.c.objc; path = ContactsView.m; sourceTree = "<group>"; };
		2958FE511A55F17600137C0D /* ContactsView.xib */ = {isa = PBXFileReference; fileEncoding = 4; lastKnownFileType = file.xib; path = ContactsView.xib; sourceTree = "<group>"; };
		2958FE541A55F17600137C0D /* BlockedView.h */ = {isa = PBXFileReference; fileEncoding = 4; lastKnownFileType = sourcecode.c.h; path = BlockedView.h; sourceTree = "<group>"; };
		2958FE551A55F17600137C0D /* BlockedView.m */ = {isa = PBXFileReference; fileEncoding = 4; lastKnownFileType = sourcecode.c.objc; path = BlockedView.m; sourceTree = "<group>"; };
		2958FE561A55F17600137C0D /* BlockedView.xib */ = {isa = PBXFileReference; fileEncoding = 4; lastKnownFileType = file.xib; path = BlockedView.xib; sourceTree = "<group>"; };
		2958FE581A55F17600137C0D /* AccountView.h */ = {isa = PBXFileReference; fileEncoding = 4; lastKnownFileType = sourcecode.c.h; path = AccountView.h; sourceTree = "<group>"; };
		2958FE591A55F17600137C0D /* AccountView.m */ = {isa = PBXFileReference; fileEncoding = 4; lastKnownFileType = sourcecode.c.objc; path = AccountView.m; sourceTree = "<group>"; };
		2958FE5A1A55F17600137C0D /* AccountView.xib */ = {isa = PBXFileReference; fileEncoding = 4; lastKnownFileType = file.xib; path = AccountView.xib; sourceTree = "<group>"; };
		2958FE5B1A55F17600137C0D /* EmailView.h */ = {isa = PBXFileReference; fileEncoding = 4; lastKnownFileType = sourcecode.c.h; path = EmailView.h; sourceTree = "<group>"; };
		2958FE5C1A55F17600137C0D /* EmailView.m */ = {isa = PBXFileReference; fileEncoding = 4; lastKnownFileType = sourcecode.c.objc; path = EmailView.m; sourceTree = "<group>"; };
		2958FE5D1A55F17600137C0D /* EmailView.xib */ = {isa = PBXFileReference; fileEncoding = 4; lastKnownFileType = file.xib; path = EmailView.xib; sourceTree = "<group>"; };
		2958FE5E1A55F17600137C0D /* PasswordView.h */ = {isa = PBXFileReference; fileEncoding = 4; lastKnownFileType = sourcecode.c.h; path = PasswordView.h; sourceTree = "<group>"; };
		2958FE5F1A55F17600137C0D /* PasswordView.m */ = {isa = PBXFileReference; fileEncoding = 4; lastKnownFileType = sourcecode.c.objc; path = PasswordView.m; sourceTree = "<group>"; };
		2958FE601A55F17600137C0D /* PasswordView.xib */ = {isa = PBXFileReference; fileEncoding = 4; lastKnownFileType = file.xib; path = PasswordView.xib; sourceTree = "<group>"; };
		2958FE621A55F17600137C0D /* SupportView.h */ = {isa = PBXFileReference; fileEncoding = 4; lastKnownFileType = sourcecode.c.h; path = SupportView.h; sourceTree = "<group>"; };
		2958FE631A55F17600137C0D /* SupportView.m */ = {isa = PBXFileReference; fileEncoding = 4; lastKnownFileType = sourcecode.c.objc; path = SupportView.m; sourceTree = "<group>"; };
		2958FE641A55F17600137C0D /* SupportView.xib */ = {isa = PBXFileReference; fileEncoding = 4; lastKnownFileType = file.xib; path = SupportView.xib; sourceTree = "<group>"; };
		2958FE661A55F17600137C0D /* TermsView.h */ = {isa = PBXFileReference; fileEncoding = 4; lastKnownFileType = sourcecode.c.h; path = TermsView.h; sourceTree = "<group>"; };
		2958FE671A55F17600137C0D /* TermsView.m */ = {isa = PBXFileReference; fileEncoding = 4; lastKnownFileType = sourcecode.c.objc; path = TermsView.m; sourceTree = "<group>"; };
		2958FE681A55F17600137C0D /* TermsView.xib */ = {isa = PBXFileReference; fileEncoding = 4; lastKnownFileType = file.xib; path = TermsView.xib; sourceTree = "<group>"; };
		2958FE691A55F17600137C0D /* SettingsView.h */ = {isa = PBXFileReference; fileEncoding = 4; lastKnownFileType = sourcecode.c.h; path = SettingsView.h; sourceTree = "<group>"; };
		2958FE6A1A55F17600137C0D /* SettingsView.m */ = {isa = PBXFileReference; fileEncoding = 4; lastKnownFileType = sourcecode.c.objc; path = SettingsView.m; sourceTree = "<group>"; };
		2958FE6B1A55F17600137C0D /* SettingsView.xib */ = {isa = PBXFileReference; fileEncoding = 4; lastKnownFileType = file.xib; path = SettingsView.xib; sourceTree = "<group>"; };
		2958FE6D1A55F17600137C0D /* LoginView.h */ = {isa = PBXFileReference; fileEncoding = 4; lastKnownFileType = sourcecode.c.h; path = LoginView.h; sourceTree = "<group>"; };
		2958FE6E1A55F17600137C0D /* LoginView.m */ = {isa = PBXFileReference; fileEncoding = 4; lastKnownFileType = sourcecode.c.objc; path = LoginView.m; sourceTree = "<group>"; };
		2958FE6F1A55F17600137C0D /* LoginView.xib */ = {isa = PBXFileReference; fileEncoding = 4; lastKnownFileType = file.xib; path = LoginView.xib; sourceTree = "<group>"; };
		2958FE701A55F17600137C0D /* RegisterView.h */ = {isa = PBXFileReference; fileEncoding = 4; lastKnownFileType = sourcecode.c.h; path = RegisterView.h; sourceTree = "<group>"; };
		2958FE711A55F17600137C0D /* RegisterView.m */ = {isa = PBXFileReference; fileEncoding = 4; lastKnownFileType = sourcecode.c.objc; path = RegisterView.m; sourceTree = "<group>"; };
		2958FE721A55F17600137C0D /* RegisterView.xib */ = {isa = PBXFileReference; fileEncoding = 4; lastKnownFileType = file.xib; path = RegisterView.xib; sourceTree = "<group>"; };
		2958FE731A55F17600137C0D /* WelcomeView.h */ = {isa = PBXFileReference; fileEncoding = 4; lastKnownFileType = sourcecode.c.h; path = WelcomeView.h; sourceTree = "<group>"; };
		2958FE741A55F17600137C0D /* WelcomeView.m */ = {isa = PBXFileReference; fileEncoding = 4; lastKnownFileType = sourcecode.c.objc; path = WelcomeView.m; sourceTree = "<group>"; };
		2958FE751A55F17600137C0D /* WelcomeView.xib */ = {isa = PBXFileReference; fileEncoding = 4; lastKnownFileType = file.xib; path = WelcomeView.xib; sourceTree = "<group>"; };
		2958FE771A55F17600137C0D /* conversations.h */ = {isa = PBXFileReference; fileEncoding = 4; lastKnownFileType = sourcecode.c.h; path = conversations.h; sourceTree = "<group>"; };
		2958FE781A55F17600137C0D /* conversations.m */ = {isa = PBXFileReference; fileEncoding = 4; lastKnownFileType = sourcecode.c.objc; path = conversations.m; sourceTree = "<group>"; };
		2958FE791A55F17600137C0D /* pushnotification.h */ = {isa = PBXFileReference; fileEncoding = 4; lastKnownFileType = sourcecode.c.h; path = pushnotification.h; sourceTree = "<group>"; };
		2958FE7A1A55F17600137C0D /* pushnotification.m */ = {isa = PBXFileReference; fileEncoding = 4; lastKnownFileType = sourcecode.c.objc; path = pushnotification.m; sourceTree = "<group>"; };
		2958FE7B1A55F17600137C0D /* utilities.h */ = {isa = PBXFileReference; fileEncoding = 4; lastKnownFileType = sourcecode.c.h; path = utilities.h; sourceTree = "<group>"; };
		2958FE7C1A55F17600137C0D /* utilities.m */ = {isa = PBXFileReference; fileEncoding = 4; lastKnownFileType = sourcecode.c.objc; path = utilities.m; sourceTree = "<group>"; };
		2958FE7D1A55F17600137C0D /* validators.h */ = {isa = PBXFileReference; fileEncoding = 4; lastKnownFileType = sourcecode.c.h; path = validators.h; sourceTree = "<group>"; };
		2958FE7E1A55F17600137C0D /* validators.m */ = {isa = PBXFileReference; fileEncoding = 4; lastKnownFileType = sourcecode.c.objc; path = validators.m; sourceTree = "<group>"; };
		29A1F3891A5AA90000AE234C /* ChatView.h */ = {isa = PBXFileReference; fileEncoding = 4; lastKnownFileType = sourcecode.c.h; path = ChatView.h; sourceTree = "<group>"; };
		29A1F38A1A5AA90000AE234C /* ChatView.m */ = {isa = PBXFileReference; fileEncoding = 4; lastKnownFileType = sourcecode.c.objc; path = ChatView.m; sourceTree = "<group>"; };
		29A1F38B1A5AA90000AE234C /* ChatView.xib */ = {isa = PBXFileReference; fileEncoding = 4; lastKnownFileType = file.xib; path = ChatView.xib; sourceTree = "<group>"; };
		29DD81581A5D8D9C0084953C /* account_arrow@2x.png */ = {isa = PBXFileReference; lastKnownFileType = image.png; path = "account_arrow@2x.png"; sourceTree = "<group>"; };
		29DD815A1A5D8D9C0084953C /* blocked_unblock@2x.png */ = {isa = PBXFileReference; lastKnownFileType = image.png; path = "blocked_unblock@2x.png"; sourceTree = "<group>"; };
		29DD815C1A5D8D9C0084953C /* button_back@2x.png */ = {isa = PBXFileReference; lastKnownFileType = image.png; path = "button_back@2x.png"; sourceTree = "<group>"; };
		29DD815E1A5D8D9C0084953C /* chat_block@2x.png */ = {isa = PBXFileReference; lastKnownFileType = image.png; path = "chat_block@2x.png"; sourceTree = "<group>"; };
		29DD815F1A5D8D9C0084953C /* chat_heart@2x.png */ = {isa = PBXFileReference; lastKnownFileType = image.png; path = "chat_heart@2x.png"; sourceTree = "<group>"; };
		29DD81601A5D8D9C0084953C /* chat_incoming1@2x.png */ = {isa = PBXFileReference; lastKnownFileType = image.png; path = "chat_incoming1@2x.png"; sourceTree = "<group>"; };
		29DD81621A5D8D9C0084953C /* chat_outgoing1@2x.png */ = {isa = PBXFileReference; lastKnownFileType = image.png; path = "chat_outgoing1@2x.png"; sourceTree = "<group>"; };
		29DD81651A5D8D9C0084953C /* compose_send@2x.png */ = {isa = PBXFileReference; lastKnownFileType = image.png; path = "compose_send@2x.png"; sourceTree = "<group>"; };
		29DD81671A5D8D9C0084953C /* contacts_add@2x.png */ = {isa = PBXFileReference; lastKnownFileType = image.png; path = "contacts_add@2x.png"; sourceTree = "<group>"; };
		29DD81681A5D8D9C0084953C /* contacts_heart@2x.png */ = {isa = PBXFileReference; lastKnownFileType = image.png; path = "contacts_heart@2x.png"; sourceTree = "<group>"; };
		29DD81691A5D8D9C0084953C /* contacts_invite@2x.png */ = {isa = PBXFileReference; lastKnownFileType = image.png; path = "contacts_invite@2x.png"; sourceTree = "<group>"; };
		29DD816A1A5D8D9C0084953C /* contacts_registered@2x.png */ = {isa = PBXFileReference; lastKnownFileType = image.png; path = "contacts_registered@2x.png"; sourceTree = "<group>"; };
		29DD816C1A5D8D9C0084953C /* login_button@2x.png */ = {isa = PBXFileReference; lastKnownFileType = image.png; path = "login_button@2x.png"; sourceTree = "<group>"; };
		29DD816E1A5D8D9C0084953C /* main_incoming@2x.png */ = {isa = PBXFileReference; lastKnownFileType = image.png; path = "main_incoming@2x.png"; sourceTree = "<group>"; };
		29DD816F1A5D8D9C0084953C /* main_liked_no@2x.png */ = {isa = PBXFileReference; lastKnownFileType = image.png; path = "main_liked_no@2x.png"; sourceTree = "<group>"; };
		29DD81701A5D8D9C0084953C /* main_liked_yes@2x.png */ = {isa = PBXFileReference; lastKnownFileType = image.png; path = "main_liked_yes@2x.png"; sourceTree = "<group>"; };
		29DD81711A5D8D9C0084953C /* main_unread@2x.png */ = {isa = PBXFileReference; lastKnownFileType = image.png; path = "main_unread@2x.png"; sourceTree = "<group>"; };
		29DD81731A5D8D9C0084953C /* recipients_checked_no@2x.png */ = {isa = PBXFileReference; lastKnownFileType = image.png; path = "recipients_checked_no@2x.png"; sourceTree = "<group>"; };
		29DD81741A5D8D9C0084953C /* recipients_checked_yes@2x.png */ = {isa = PBXFileReference; lastKnownFileType = image.png; path = "recipients_checked_yes@2x.png"; sourceTree = "<group>"; };
		29DD81751A5D8D9C0084953C /* recipients_invite@2x.png */ = {isa = PBXFileReference; lastKnownFileType = image.png; path = "recipients_invite@2x.png"; sourceTree = "<group>"; };
		29DD81761A5D8D9C0084953C /* recipients_send@2x.png */ = {isa = PBXFileReference; lastKnownFileType = image.png; path = "recipients_send@2x.png"; sourceTree = "<group>"; };
		29DD81781A5D8D9C0084953C /* register_button@2x.png */ = {isa = PBXFileReference; lastKnownFileType = image.png; path = "register_button@2x.png"; sourceTree = "<group>"; };
		29DD817A1A5D8D9C0084953C /* settings_arrow@2x.png */ = {isa = PBXFileReference; lastKnownFileType = image.png; path = "settings_arrow@2x.png"; sourceTree = "<group>"; };
		29DD817B1A5D8D9C0084953C /* settings_heart@2x.png */ = {isa = PBXFileReference; lastKnownFileType = image.png; path = "settings_heart@2x.png"; sourceTree = "<group>"; };
		29DD817C1A5D8D9C0084953C /* settings_logout@2x.png */ = {isa = PBXFileReference; lastKnownFileType = image.png; path = "settings_logout@2x.png"; sourceTree = "<group>"; };
		29DD817D1A5D8D9C0084953C /* settings_off@2x.png */ = {isa = PBXFileReference; lastKnownFileType = image.png; path = "settings_off@2x.png"; sourceTree = "<group>"; };
		29DD817E1A5D8D9C0084953C /* settings_on@2x.png */ = {isa = PBXFileReference; lastKnownFileType = image.png; path = "settings_on@2x.png"; sourceTree = "<group>"; };
		29DD81801A5D8D9C0084953C /* tab1a@2x.png */ = {isa = PBXFileReference; lastKnownFileType = image.png; path = "tab1a@2x.png"; sourceTree = "<group>"; };
		29DD81811A5D8D9C0084953C /* tab1b@2x.png */ = {isa = PBXFileReference; lastKnownFileType = image.png; path = "tab1b@2x.png"; sourceTree = "<group>"; };
		29DD81821A5D8D9C0084953C /* tab2a@2x.png */ = {isa = PBXFileReference; lastKnownFileType = image.png; path = "tab2a@2x.png"; sourceTree = "<group>"; };
		29DD81831A5D8D9C0084953C /* tab2b@2x.png */ = {isa = PBXFileReference; lastKnownFileType = image.png; path = "tab2b@2x.png"; sourceTree = "<group>"; };
		29DD81841A5D8D9C0084953C /* tab3a@2x.png */ = {isa = PBXFileReference; lastKnownFileType = image.png; path = "tab3a@2x.png"; sourceTree = "<group>"; };
		29DD81851A5D8D9C0084953C /* tab3b@2x.png */ = {isa = PBXFileReference; lastKnownFileType = image.png; path = "tab3b@2x.png"; sourceTree = "<group>"; };
		29DD81861A5D8D9C0084953C /* tabbar_badge@2x.png */ = {isa = PBXFileReference; lastKnownFileType = image.png; path = "tabbar_badge@2x.png"; sourceTree = "<group>"; };
		29DD81881A5D8D9C0084953C /* welcome_background@2x.png */ = {isa = PBXFileReference; lastKnownFileType = image.png; path = "welcome_background@2x.png"; sourceTree = "<group>"; };
		29DD81891A5D8D9C0084953C /* welcome_login@2x.png */ = {isa = PBXFileReference; lastKnownFileType = image.png; path = "welcome_login@2x.png"; sourceTree = "<group>"; };
		29DD818A1A5D8D9C0084953C /* welcome_signup@2x.png */ = {isa = PBXFileReference; lastKnownFileType = image.png; path = "welcome_signup@2x.png"; sourceTree = "<group>"; };
		29EB240519E9292500D7AA97 /* Revibe.app */ = {isa = PBXFileReference; explicitFileType = wrapper.application; includeInIndex = 0; path = Revibe.app; sourceTree = BUILT_PRODUCTS_DIR; };
		29EB240919E9292500D7AA97 /* Info.plist */ = {isa = PBXFileReference; lastKnownFileType = text.plist.xml; path = Info.plist; sourceTree = "<group>"; };
		29EB240A19E9292500D7AA97 /* main.m */ = {isa = PBXFileReference; lastKnownFileType = sourcecode.c.objc; path = main.m; sourceTree = "<group>"; };
		29EB240C19E9292500D7AA97 /* AppDelegate.h */ = {isa = PBXFileReference; lastKnownFileType = sourcecode.c.h; path = AppDelegate.h; sourceTree = "<group>"; };
		29EB240D19E9292500D7AA97 /* AppDelegate.m */ = {isa = PBXFileReference; lastKnownFileType = sourcecode.c.objc; path = AppDelegate.m; sourceTree = "<group>"; };
		29EB241519E9292500D7AA97 /* Images.xcassets */ = {isa = PBXFileReference; lastKnownFileType = folder.assetcatalog; path = Images.xcassets; sourceTree = "<group>"; };
		29EB254F19E92ACD00D7AA97 /* AppConstant.h */ = {isa = PBXFileReference; fileEncoding = 4; lastKnownFileType = sourcecode.c.h; path = AppConstant.h; sourceTree = "<group>"; };
		5256241A1A65FA0300ABF2B6 /* main_background2.png */ = {isa = PBXFileReference; lastKnownFileType = image.png; path = main_background2.png; sourceTree = "<group>"; };
		5256241C1A65FA1800ABF2B6 /* noMessageImage.png */ = {isa = PBXFileReference; lastKnownFileType = image.png; path = noMessageImage.png; sourceTree = "<group>"; };
		5256241E1A65FB5500ABF2B6 /* chat_incoming2@2x.png */ = {isa = PBXFileReference; lastKnownFileType = image.png; path = "chat_incoming2@2x.png"; sourceTree = "<group>"; };
		525624201A65FB6100ABF2B6 /* chat_outgoing2@2x.png */ = {isa = PBXFileReference; lastKnownFileType = image.png; path = "chat_outgoing2@2x.png"; sourceTree = "<group>"; };
		52E0D5B51A64E9B40061D88B /* contacts_background.png */ = {isa = PBXFileReference; lastKnownFileType = image.png; path = contacts_background.png; sourceTree = "<group>"; };
		52E0D5BB1A6500130061D88B /* compose_chatbox_background.png */ = {isa = PBXFileReference; lastKnownFileType = image.png; path = compose_chatbox_background.png; sourceTree = "<group>"; };
		52E0D5BF1A65AC860061D88B /* blocked_background.png */ = {isa = PBXFileReference; lastKnownFileType = image.png; path = blocked_background.png; sourceTree = "<group>"; };
		EBA2316D1AAE59D900275281 /* Reachability.h */ = {isa = PBXFileReference; fileEncoding = 4; lastKnownFileType = sourcecode.c.h; path = Reachability.h; sourceTree = "<group>"; };
		EBA2316E1AAE59D900275281 /* Reachability.m */ = {isa = PBXFileReference; fileEncoding = 4; lastKnownFileType = sourcecode.c.objc; path = Reachability.m; sourceTree = "<group>"; };
/* End PBXFileReference section */

/* Begin PBXFrameworksBuildPhase section */
		29EB240219E9292500D7AA97 /* Frameworks */ = {
			isa = PBXFrameworksBuildPhase;
			buildActionMask = 2147483647;
			files = (
				294359871A558C5200532BFD /* Accounts.framework in Frameworks */,
				294359851A558C4700532BFD /* Social.framework in Frameworks */,
				294359831A55891400532BFD /* libicucore.dylib in Frameworks */,
				294359811A55890C00532BFD /* libc++.dylib in Frameworks */,
				293054F81A3F67BC00D27F02 /* AudioToolbox.framework in Frameworks */,
				293054F61A3F67B500D27F02 /* CFNetwork.framework in Frameworks */,
				293054F41A3F67AF00D27F02 /* CoreGraphics.framework in Frameworks */,
				293054F21A3F67A500D27F02 /* CoreLocation.framework in Frameworks */,
				293054F01A3F679E00D27F02 /* MobileCoreServices.framework in Frameworks */,
				293054EE1A3F679400D27F02 /* QuartzCore.framework in Frameworks */,
				293054EC1A3F678E00D27F02 /* Security.framework in Frameworks */,
				293054EA1A3F678500D27F02 /* StoreKit.framework in Frameworks */,
				293054E81A3F677B00D27F02 /* SystemConfiguration.framework in Frameworks */,
				293054E61A3F675800D27F02 /* libz.dylib in Frameworks */,
				2943597F1A5588D800532BFD /* Firebase.framework in Frameworks */,
				2943597A1A55862000532BFD /* Parse.framework in Frameworks */,
				293054E21A3F670D00D27F02 /* libsqlite3.dylib in Frameworks */,
				2943597B1A55862000532BFD /* ParseUI.framework in Frameworks */,
				2943597D1A55863D00532BFD /* Bolts.framework in Frameworks */,
			);
			runOnlyForDeploymentPostprocessing = 0;
		};
/* End PBXFrameworksBuildPhase section */

/* Begin PBXGroup section */
		2930551F1A3F83BC00D27F02 /* Vendors */ = {
			isa = PBXGroup;
			children = (
				293055201A3F83BC00D27F02 /* ProgressHUD */,
			);
			path = Vendors;
			sourceTree = "<group>";
		};
		293055201A3F83BC00D27F02 /* ProgressHUD */ = {
			isa = PBXGroup;
			children = (
				293055211A3F83BC00D27F02 /* ProgressHUD.bundle */,
				293055221A3F83BC00D27F02 /* ProgressHUD.h */,
				293055231A3F83BC00D27F02 /* ProgressHUD.m */,
			);
			path = ProgressHUD;
			sourceTree = "<group>";
		};
		293055261A3F83C300D27F02 /* Resources */ = {
			isa = PBXGroup;
			children = (
				29DD81561A5D8D9C0084953C /* Images */,
			);
			path = Resources;
			sourceTree = "<group>";
		};
		2958FE371A55F17600137C0D /* Classes */ = {
			isa = PBXGroup;
			children = (
				2958FE381A55F17600137C0D /* Application */,
				2958FE3B1A55F17600137C0D /* Chat */,
				2958FE431A55F17600137C0D /* Tabs */,
				2958FE6C1A55F17600137C0D /* User */,
				2958FE761A55F17600137C0D /* Utilities */,
			);
			path = Classes;
			sourceTree = "<group>";
		};
		2958FE381A55F17600137C0D /* Application */ = {
			isa = PBXGroup;
			children = (
				2958FE391A55F17600137C0D /* NavigationController.h */,
				2958FE3A1A55F17600137C0D /* NavigationController.m */,
			);
			path = Application;
			sourceTree = "<group>";
		};
		2958FE3B1A55F17600137C0D /* Chat */ = {
			isa = PBXGroup;
			children = (
				29038C4D1A5BE5650094080B /* ChatCell.h */,
				29038C4E1A5BE5650094080B /* ChatCell.m */,
				29038C4F1A5BE5650094080B /* ChatCell.xib */,
				29A1F3891A5AA90000AE234C /* ChatView.h */,
				29A1F38A1A5AA90000AE234C /* ChatView.m */,
				29A1F38B1A5AA90000AE234C /* ChatView.xib */,
				292B5BF11A59788D0085CD0D /* ComposeView.h */,
				292B5BF21A59788D0085CD0D /* ComposeView.m */,
				292B5BF31A59788D0085CD0D /* ComposeView.xib */,
				2958FE401A55F17600137C0D /* RecipientsView.h */,
				2958FE411A55F17600137C0D /* RecipientsView.m */,
				2958FE421A55F17600137C0D /* RecipientsView.xib */,
				EBA2316D1AAE59D900275281 /* Reachability.h */,
				EBA2316E1AAE59D900275281 /* Reachability.m */,
			);
			path = Chat;
			sourceTree = "<group>";
		};
		2958FE431A55F17600137C0D /* Tabs */ = {
			isa = PBXGroup;
			children = (
				2958FE441A55F17600137C0D /* 01_main */,
				2958FE4B1A55F17600137C0D /* 02_contacts */,
				2958FE521A55F17600137C0D /* 03_settings */,
			);
			path = Tabs;
			sourceTree = "<group>";
		};
		2958FE441A55F17600137C0D /* 01_main */ = {
			isa = PBXGroup;
			children = (
				2958FE451A55F17600137C0D /* MainCell.h */,
				2958FE461A55F17600137C0D /* MainCell.m */,
				2958FE471A55F17600137C0D /* MainCell.xib */,
				2958FE481A55F17600137C0D /* MainView.h */,
				2958FE491A55F17600137C0D /* MainView.m */,
				2958FE4A1A55F17600137C0D /* MainView.xib */,
			);
			path = 01_main;
			sourceTree = "<group>";
		};
		2958FE4B1A55F17600137C0D /* 02_contacts */ = {
			isa = PBXGroup;
			children = (
				2958FE4C1A55F17600137C0D /* ContactsCell.h */,
				2958FE4D1A55F17600137C0D /* ContactsCell.m */,
				2958FE4E1A55F17600137C0D /* ContactsCell.xib */,
				2958FE4F1A55F17600137C0D /* ContactsView.h */,
				2958FE501A55F17600137C0D /* ContactsView.m */,
				2958FE511A55F17600137C0D /* ContactsView.xib */,
			);
			path = 02_contacts;
			sourceTree = "<group>";
		};
		2958FE521A55F17600137C0D /* 03_settings */ = {
			isa = PBXGroup;
			children = (
				2958FE531A55F17600137C0D /* 01_blocked */,
				2958FE571A55F17600137C0D /* 02_account */,
				2958FE611A55F17600137C0D /* 03_support */,
				2958FE651A55F17600137C0D /* 04_terms */,
				2958FE691A55F17600137C0D /* SettingsView.h */,
				2958FE6A1A55F17600137C0D /* SettingsView.m */,
				2958FE6B1A55F17600137C0D /* SettingsView.xib */,
			);
			path = 03_settings;
			sourceTree = "<group>";
		};
		2958FE531A55F17600137C0D /* 01_blocked */ = {
			isa = PBXGroup;
			children = (
				2958FE541A55F17600137C0D /* BlockedView.h */,
				2958FE551A55F17600137C0D /* BlockedView.m */,
				2958FE561A55F17600137C0D /* BlockedView.xib */,
			);
			path = 01_blocked;
			sourceTree = "<group>";
		};
		2958FE571A55F17600137C0D /* 02_account */ = {
			isa = PBXGroup;
			children = (
				2958FE581A55F17600137C0D /* AccountView.h */,
				2958FE591A55F17600137C0D /* AccountView.m */,
				2958FE5A1A55F17600137C0D /* AccountView.xib */,
				2958FE5B1A55F17600137C0D /* EmailView.h */,
				2958FE5C1A55F17600137C0D /* EmailView.m */,
				2958FE5D1A55F17600137C0D /* EmailView.xib */,
				2958FE5E1A55F17600137C0D /* PasswordView.h */,
				2958FE5F1A55F17600137C0D /* PasswordView.m */,
				2958FE601A55F17600137C0D /* PasswordView.xib */,
			);
			path = 02_account;
			sourceTree = "<group>";
		};
		2958FE611A55F17600137C0D /* 03_support */ = {
			isa = PBXGroup;
			children = (
				2958FE621A55F17600137C0D /* SupportView.h */,
				2958FE631A55F17600137C0D /* SupportView.m */,
				2958FE641A55F17600137C0D /* SupportView.xib */,
			);
			path = 03_support;
			sourceTree = "<group>";
		};
		2958FE651A55F17600137C0D /* 04_terms */ = {
			isa = PBXGroup;
			children = (
				2958FE661A55F17600137C0D /* TermsView.h */,
				2958FE671A55F17600137C0D /* TermsView.m */,
				2958FE681A55F17600137C0D /* TermsView.xib */,
			);
			path = 04_terms;
			sourceTree = "<group>";
		};
		2958FE6C1A55F17600137C0D /* User */ = {
			isa = PBXGroup;
			children = (
				2958FE6D1A55F17600137C0D /* LoginView.h */,
				2958FE6E1A55F17600137C0D /* LoginView.m */,
				2958FE6F1A55F17600137C0D /* LoginView.xib */,
				2958FE701A55F17600137C0D /* RegisterView.h */,
				2958FE711A55F17600137C0D /* RegisterView.m */,
				2958FE721A55F17600137C0D /* RegisterView.xib */,
				2958FE731A55F17600137C0D /* WelcomeView.h */,
				2958FE741A55F17600137C0D /* WelcomeView.m */,
				2958FE751A55F17600137C0D /* WelcomeView.xib */,
			);
			path = User;
			sourceTree = "<group>";
		};
		2958FE761A55F17600137C0D /* Utilities */ = {
			isa = PBXGroup;
			children = (
				2958FE771A55F17600137C0D /* conversations.h */,
				2958FE781A55F17600137C0D /* conversations.m */,
				2958FE791A55F17600137C0D /* pushnotification.h */,
				2958FE7A1A55F17600137C0D /* pushnotification.m */,
				2958FE7B1A55F17600137C0D /* utilities.h */,
				2958FE7C1A55F17600137C0D /* utilities.m */,
				2958FE7D1A55F17600137C0D /* validators.h */,
				2958FE7E1A55F17600137C0D /* validators.m */,
			);
			path = Utilities;
			sourceTree = "<group>";
		};
		29DD81561A5D8D9C0084953C /* Images */ = {
			isa = PBXGroup;
			children = (
				29DD81571A5D8D9C0084953C /* account */,
				29DD81591A5D8D9C0084953C /* blocked */,
				29DD815B1A5D8D9C0084953C /* button */,
				29DD815D1A5D8D9C0084953C /* chat */,
				29DD81641A5D8D9C0084953C /* compose */,
				29DD81661A5D8D9C0084953C /* contacts */,
				29DD816B1A5D8D9C0084953C /* login */,
				29DD816D1A5D8D9C0084953C /* main */,
				29DD81721A5D8D9C0084953C /* recipients */,
				29DD81771A5D8D9C0084953C /* register */,
				29DD81791A5D8D9C0084953C /* settings */,
				29DD817F1A5D8D9C0084953C /* tabbar */,
				29DD81871A5D8D9C0084953C /* welcome */,
			);
			path = Images;
			sourceTree = "<group>";
		};
		29DD81571A5D8D9C0084953C /* account */ = {
			isa = PBXGroup;
			children = (
				29DD81581A5D8D9C0084953C /* account_arrow@2x.png */,
			);
			path = account;
			sourceTree = "<group>";
		};
		29DD81591A5D8D9C0084953C /* blocked */ = {
			isa = PBXGroup;
			children = (
				52E0D5BF1A65AC860061D88B /* blocked_background.png */,
				29DD815A1A5D8D9C0084953C /* blocked_unblock@2x.png */,
			);
			path = blocked;
			sourceTree = "<group>";
		};
		29DD815B1A5D8D9C0084953C /* button */ = {
			isa = PBXGroup;
			children = (
				29DD815C1A5D8D9C0084953C /* button_back@2x.png */,
			);
			path = button;
			sourceTree = "<group>";
		};
		29DD815D1A5D8D9C0084953C /* chat */ = {
			isa = PBXGroup;
			children = (
				525624201A65FB6100ABF2B6 /* chat_outgoing2@2x.png */,
				5256241E1A65FB5500ABF2B6 /* chat_incoming2@2x.png */,
				29DD815E1A5D8D9C0084953C /* chat_block@2x.png */,
				29DD815F1A5D8D9C0084953C /* chat_heart@2x.png */,
				29DD81601A5D8D9C0084953C /* chat_incoming1@2x.png */,
				29DD81621A5D8D9C0084953C /* chat_outgoing1@2x.png */,
			);
			path = chat;
			sourceTree = "<group>";
		};
		29DD81641A5D8D9C0084953C /* compose */ = {
			isa = PBXGroup;
			children = (
				52E0D5BB1A6500130061D88B /* compose_chatbox_background.png */,
				29DD81651A5D8D9C0084953C /* compose_send@2x.png */,
			);
			path = compose;
			sourceTree = "<group>";
		};
		29DD81661A5D8D9C0084953C /* contacts */ = {
			isa = PBXGroup;
			children = (
				52E0D5B51A64E9B40061D88B /* contacts_background.png */,
				29DD81671A5D8D9C0084953C /* contacts_add@2x.png */,
				29DD81681A5D8D9C0084953C /* contacts_heart@2x.png */,
				29DD81691A5D8D9C0084953C /* contacts_invite@2x.png */,
				29DD816A1A5D8D9C0084953C /* contacts_registered@2x.png */,
			);
			path = contacts;
			sourceTree = "<group>";
		};
		29DD816B1A5D8D9C0084953C /* login */ = {
			isa = PBXGroup;
			children = (
				29DD816C1A5D8D9C0084953C /* login_button@2x.png */,
			);
			path = login;
			sourceTree = "<group>";
		};
		29DD816D1A5D8D9C0084953C /* main */ = {
			isa = PBXGroup;
			children = (
				5256241C1A65FA1800ABF2B6 /* noMessageImage.png */,
				5256241A1A65FA0300ABF2B6 /* main_background2.png */,
				29DD816E1A5D8D9C0084953C /* main_incoming@2x.png */,
				29DD816F1A5D8D9C0084953C /* main_liked_no@2x.png */,
				29DD81701A5D8D9C0084953C /* main_liked_yes@2x.png */,
				29DD81711A5D8D9C0084953C /* main_unread@2x.png */,
			);
			path = main;
			sourceTree = "<group>";
		};
		29DD81721A5D8D9C0084953C /* recipients */ = {
			isa = PBXGroup;
			children = (
				29DD81731A5D8D9C0084953C /* recipients_checked_no@2x.png */,
				29DD81741A5D8D9C0084953C /* recipients_checked_yes@2x.png */,
				29DD81751A5D8D9C0084953C /* recipients_invite@2x.png */,
				29DD81761A5D8D9C0084953C /* recipients_send@2x.png */,
			);
			path = recipients;
			sourceTree = "<group>";
		};
		29DD81771A5D8D9C0084953C /* register */ = {
			isa = PBXGroup;
			children = (
				29DD81781A5D8D9C0084953C /* register_button@2x.png */,
			);
			path = register;
			sourceTree = "<group>";
		};
		29DD81791A5D8D9C0084953C /* settings */ = {
			isa = PBXGroup;
			children = (
				29DD817A1A5D8D9C0084953C /* settings_arrow@2x.png */,
				29DD817B1A5D8D9C0084953C /* settings_heart@2x.png */,
				29DD817C1A5D8D9C0084953C /* settings_logout@2x.png */,
				29DD817D1A5D8D9C0084953C /* settings_off@2x.png */,
				29DD817E1A5D8D9C0084953C /* settings_on@2x.png */,
			);
			path = settings;
			sourceTree = "<group>";
		};
		29DD817F1A5D8D9C0084953C /* tabbar */ = {
			isa = PBXGroup;
			children = (
				29DD81801A5D8D9C0084953C /* tab1a@2x.png */,
				29DD81811A5D8D9C0084953C /* tab1b@2x.png */,
				29DD81821A5D8D9C0084953C /* tab2a@2x.png */,
				29DD81831A5D8D9C0084953C /* tab2b@2x.png */,
				29DD81841A5D8D9C0084953C /* tab3a@2x.png */,
				29DD81851A5D8D9C0084953C /* tab3b@2x.png */,
				29DD81861A5D8D9C0084953C /* tabbar_badge@2x.png */,
			);
			path = tabbar;
			sourceTree = "<group>";
		};
		29DD81871A5D8D9C0084953C /* welcome */ = {
			isa = PBXGroup;
			children = (
				29DD81881A5D8D9C0084953C /* welcome_background@2x.png */,
				29DD81891A5D8D9C0084953C /* welcome_login@2x.png */,
				29DD818A1A5D8D9C0084953C /* welcome_signup@2x.png */,
			);
			path = welcome;
			sourceTree = "<group>";
		};
		29EB23FC19E9292500D7AA97 = {
			isa = PBXGroup;
			children = (
				2958FE371A55F17600137C0D /* Classes */,
				293055261A3F83C300D27F02 /* Resources */,
				2930551F1A3F83BC00D27F02 /* Vendors */,
				29EB243319E9297900D7AA97 /* Frameworks */,
				29EB240719E9292500D7AA97 /* app */,
				29EB240619E9292500D7AA97 /* Products */,
			);
			sourceTree = "<group>";
		};
		29EB240619E9292500D7AA97 /* Products */ = {
			isa = PBXGroup;
			children = (
				29EB240519E9292500D7AA97 /* Revibe.app */,
			);
			name = Products;
			sourceTree = "<group>";
		};
		29EB240719E9292500D7AA97 /* app */ = {
			isa = PBXGroup;
			children = (
				29EB254F19E92ACD00D7AA97 /* AppConstant.h */,
				29EB240C19E9292500D7AA97 /* AppDelegate.h */,
				29EB240D19E9292500D7AA97 /* AppDelegate.m */,
				29EB241519E9292500D7AA97 /* Images.xcassets */,
				29EB240819E9292500D7AA97 /* Supporting Files */,
			);
			path = app;
			sourceTree = "<group>";
		};
		29EB240819E9292500D7AA97 /* Supporting Files */ = {
			isa = PBXGroup;
			children = (
				29EB240919E9292500D7AA97 /* Info.plist */,
				29EB240A19E9292500D7AA97 /* main.m */,
			);
			name = "Supporting Files";
			sourceTree = "<group>";
		};
		29EB243319E9297900D7AA97 /* Frameworks */ = {
			isa = PBXGroup;
			children = (
				2943597E1A5588D800532BFD /* Firebase.framework */,
				2943597C1A55863D00532BFD /* Bolts.framework */,
				294359781A55862000532BFD /* Parse.framework */,
				294359791A55862000532BFD /* ParseUI.framework */,
				294359821A55891400532BFD /* libicucore.dylib */,
				294359801A55890C00532BFD /* libc++.dylib */,
				293054E51A3F675800D27F02 /* libz.dylib */,
				293054E11A3F670D00D27F02 /* libsqlite3.dylib */,
				294359861A558C5200532BFD /* Accounts.framework */,
				294359841A558C4700532BFD /* Social.framework */,
				293054F71A3F67BC00D27F02 /* AudioToolbox.framework */,
				293054F51A3F67B500D27F02 /* CFNetwork.framework */,
				293054F31A3F67AF00D27F02 /* CoreGraphics.framework */,
				293054F11A3F67A500D27F02 /* CoreLocation.framework */,
				293054EF1A3F679E00D27F02 /* MobileCoreServices.framework */,
				293054ED1A3F679400D27F02 /* QuartzCore.framework */,
				293054EB1A3F678E00D27F02 /* Security.framework */,
				293054E91A3F678500D27F02 /* StoreKit.framework */,
				293054E71A3F677B00D27F02 /* SystemConfiguration.framework */,
			);
			path = Frameworks;
			sourceTree = "<group>";
		};
/* End PBXGroup section */

/* Begin PBXNativeTarget section */
		29EB240419E9292500D7AA97 /* Revibe */ = {
			isa = PBXNativeTarget;
			buildConfigurationList = 29EB242819E9292600D7AA97 /* Build configuration list for PBXNativeTarget "Revibe" */;
			buildPhases = (
				29EB240119E9292500D7AA97 /* Sources */,
				29EB240219E9292500D7AA97 /* Frameworks */,
				29EB240319E9292500D7AA97 /* Resources */,
			);
			buildRules = (
			);
			dependencies = (
			);
			name = Revibe;
			productName = app;
			productReference = 29EB240519E9292500D7AA97 /* Revibe.app */;
			productType = "com.apple.product-type.application";
		};
/* End PBXNativeTarget section */

/* Begin PBXProject section */
		29EB23FD19E9292500D7AA97 /* Project object */ = {
			isa = PBXProject;
			attributes = {
				LastUpgradeCheck = 0600;
				ORGANIZATIONNAME = "Navepreet Brar, Sebastian Werz";
				TargetAttributes = {
					29EB240419E9292500D7AA97 = {
						CreatedOnToolsVersion = 6.0.1;
						DevelopmentTeam = SNE84GN9W7;
					};
				};
			};
			buildConfigurationList = 29EB240019E9292500D7AA97 /* Build configuration list for PBXProject "Revibe" */;
			compatibilityVersion = "Xcode 3.2";
			developmentRegion = English;
			hasScannedForEncodings = 0;
			knownRegions = (
				en,
				Base,
				de,
				es,
				fr,
				he,
				it,
				nl,
				pl,
				pt,
				ro,
				ru,
				tr,
				"zh-Hans",
				"zh-Hant",
			);
			mainGroup = 29EB23FC19E9292500D7AA97;
			productRefGroup = 29EB240619E9292500D7AA97 /* Products */;
			projectDirPath = "";
			projectRoot = "";
			targets = (
				29EB240419E9292500D7AA97 /* Revibe */,
			);
		};
/* End PBXProject section */

/* Begin PBXResourcesBuildPhase section */
		29EB240319E9292500D7AA97 /* Resources */ = {
			isa = PBXResourcesBuildPhase;
			buildActionMask = 2147483647;
			files = (
				525624211A65FB6100ABF2B6 /* chat_outgoing2@2x.png in Resources */,
				29DD818E1A5D8D9C0084953C /* chat_block@2x.png in Resources */,
				29DD819A1A5D8D9C0084953C /* main_incoming@2x.png in Resources */,
				29DD81A11A5D8D9C0084953C /* recipients_send@2x.png in Resources */,
				2958FE971A55F17600137C0D /* TermsView.xib in Resources */,
				293055241A3F83BC00D27F02 /* ProgressHUD.bundle in Resources */,
				29DD81AB1A5D8D9C0084953C /* tab2b@2x.png in Resources */,
				29DD81AE1A5D8D9C0084953C /* tabbar_badge@2x.png in Resources */,
				5256241B1A65FA0300ABF2B6 /* main_background2.png in Resources */,
				29DD81981A5D8D9C0084953C /* contacts_registered@2x.png in Resources */,
				29DD81A81A5D8D9C0084953C /* tab1a@2x.png in Resources */,
				29EB241619E9292500D7AA97 /* Images.xcassets in Resources */,
				29DD81A31A5D8D9C0084953C /* settings_arrow@2x.png in Resources */,
				29DD81A21A5D8D9C0084953C /* register_button@2x.png in Resources */,
				29DD81961A5D8D9C0084953C /* contacts_heart@2x.png in Resources */,
				29DD81AA1A5D8D9C0084953C /* tab2a@2x.png in Resources */,
				2958FE9B1A55F17600137C0D /* LoginView.xib in Resources */,
				29DD81991A5D8D9C0084953C /* login_button@2x.png in Resources */,
				29DD81B11A5D8D9C0084953C /* welcome_signup@2x.png in Resources */,
				2958FE871A55F17600137C0D /* MainView.xib in Resources */,
				2958FE891A55F17600137C0D /* ContactsCell.xib in Resources */,
				52E0D5C01A65AC860061D88B /* blocked_background.png in Resources */,
				2958FE8F1A55F17600137C0D /* AccountView.xib in Resources */,
				29DD818B1A5D8D9C0084953C /* account_arrow@2x.png in Resources */,
				29DD81AC1A5D8D9C0084953C /* tab3a@2x.png in Resources */,
				292B5BF51A59788D0085CD0D /* ComposeView.xib in Resources */,
				29DD81921A5D8D9C0084953C /* chat_outgoing1@2x.png in Resources */,
				29DD81AD1A5D8D9C0084953C /* tab3b@2x.png in Resources */,
				29DD81B01A5D8D9C0084953C /* welcome_login@2x.png in Resources */,
				2958FE931A55F17600137C0D /* PasswordView.xib in Resources */,
				29DD81A91A5D8D9C0084953C /* tab1b@2x.png in Resources */,
				29DD819E1A5D8D9C0084953C /* recipients_checked_no@2x.png in Resources */,
				29DD81941A5D8D9C0084953C /* compose_send@2x.png in Resources */,
				29DD81A01A5D8D9C0084953C /* recipients_invite@2x.png in Resources */,
				29DD81A71A5D8D9C0084953C /* settings_on@2x.png in Resources */,
				2958FE9D1A55F17600137C0D /* RegisterView.xib in Resources */,
				29DD81A41A5D8D9C0084953C /* settings_heart@2x.png in Resources */,
				29DD81971A5D8D9C0084953C /* contacts_invite@2x.png in Resources */,
				2958FE8B1A55F17600137C0D /* ContactsView.xib in Resources */,
				2958FE8D1A55F17600137C0D /* BlockedView.xib in Resources */,
				2958FE831A55F17600137C0D /* RecipientsView.xib in Resources */,
				29DD819C1A5D8D9C0084953C /* main_liked_yes@2x.png in Resources */,
				29DD818F1A5D8D9C0084953C /* chat_heart@2x.png in Resources */,
				5256241D1A65FA1800ABF2B6 /* noMessageImage.png in Resources */,
				52E0D5BC1A6500130061D88B /* compose_chatbox_background.png in Resources */,
				29DD819B1A5D8D9C0084953C /* main_liked_no@2x.png in Resources */,
				29DD818C1A5D8D9C0084953C /* blocked_unblock@2x.png in Resources */,
				29DD81AF1A5D8D9C0084953C /* welcome_background@2x.png in Resources */,
				2958FE851A55F17600137C0D /* MainCell.xib in Resources */,
				29DD819D1A5D8D9C0084953C /* main_unread@2x.png in Resources */,
				29DD819F1A5D8D9C0084953C /* recipients_checked_yes@2x.png in Resources */,
				29DD81951A5D8D9C0084953C /* contacts_add@2x.png in Resources */,
				52E0D5B61A64E9B40061D88B /* contacts_background.png in Resources */,
				29DD81901A5D8D9C0084953C /* chat_incoming1@2x.png in Resources */,
				29DD818D1A5D8D9C0084953C /* button_back@2x.png in Resources */,
				29A1F38D1A5AA90000AE234C /* ChatView.xib in Resources */,
				29DD81A51A5D8D9C0084953C /* settings_logout@2x.png in Resources */,
				2958FE9F1A55F17600137C0D /* WelcomeView.xib in Resources */,
				29DD81A61A5D8D9C0084953C /* settings_off@2x.png in Resources */,
				2958FE951A55F17600137C0D /* SupportView.xib in Resources */,
				5256241F1A65FB5500ABF2B6 /* chat_incoming2@2x.png in Resources */,
				2958FE991A55F17600137C0D /* SettingsView.xib in Resources */,
				29038C511A5BE5650094080B /* ChatCell.xib in Resources */,
				2958FE911A55F17600137C0D /* EmailView.xib in Resources */,
			);
			runOnlyForDeploymentPostprocessing = 0;
		};
/* End PBXResourcesBuildPhase section */

/* Begin PBXSourcesBuildPhase section */
		29EB240119E9292500D7AA97 /* Sources */ = {
			isa = PBXSourcesBuildPhase;
			buildActionMask = 2147483647;
			files = (
				2958FEA11A55F17600137C0D /* pushnotification.m in Sources */,
				2958FE941A55F17600137C0D /* SupportView.m in Sources */,
				2958FE861A55F17600137C0D /* MainView.m in Sources */,
				2958FEA01A55F17600137C0D /* conversations.m in Sources */,
				2958FE8C1A55F17600137C0D /* BlockedView.m in Sources */,
				2958FE821A55F17600137C0D /* RecipientsView.m in Sources */,
				292B5BF41A59788D0085CD0D /* ComposeView.m in Sources */,
				2958FEA21A55F17600137C0D /* utilities.m in Sources */,
				29A1F38C1A5AA90000AE234C /* ChatView.m in Sources */,
				2958FE9E1A55F17600137C0D /* WelcomeView.m in Sources */,
				2958FE8E1A55F17600137C0D /* AccountView.m in Sources */,
				293055251A3F83BC00D27F02 /* ProgressHUD.m in Sources */,
				2958FE881A55F17600137C0D /* ContactsCell.m in Sources */,
				2958FE901A55F17600137C0D /* EmailView.m in Sources */,
				2958FE981A55F17600137C0D /* SettingsView.m in Sources */,
				2958FE9A1A55F17600137C0D /* LoginView.m in Sources */,
				2958FE9C1A55F17600137C0D /* RegisterView.m in Sources */,
				2958FE841A55F17600137C0D /* MainCell.m in Sources */,
				2958FE921A55F17600137C0D /* PasswordView.m in Sources */,
				2958FE961A55F17600137C0D /* TermsView.m in Sources */,
				29EB240E19E9292500D7AA97 /* AppDelegate.m in Sources */,
				2958FEA31A55F17600137C0D /* validators.m in Sources */,
				29038C501A5BE5650094080B /* ChatCell.m in Sources */,
				2958FE7F1A55F17600137C0D /* NavigationController.m in Sources */,
				2958FE8A1A55F17600137C0D /* ContactsView.m in Sources */,
				EBA2316F1AAE59D900275281 /* Reachability.m in Sources */,
				29EB240B19E9292500D7AA97 /* main.m in Sources */,
			);
			runOnlyForDeploymentPostprocessing = 0;
		};
/* End PBXSourcesBuildPhase section */

/* Begin XCBuildConfiguration section */
		29EB242619E9292600D7AA97 /* Debug */ = {
			isa = XCBuildConfiguration;
			buildSettings = {
				ALWAYS_SEARCH_USER_PATHS = NO;
				CLANG_CXX_LANGUAGE_STANDARD = "gnu++0x";
				CLANG_CXX_LIBRARY = "libc++";
				CLANG_ENABLE_MODULES = YES;
				CLANG_ENABLE_OBJC_ARC = YES;
				CLANG_WARN_BOOL_CONVERSION = YES;
				CLANG_WARN_CONSTANT_CONVERSION = YES;
				CLANG_WARN_DIRECT_OBJC_ISA_USAGE = YES_ERROR;
				CLANG_WARN_EMPTY_BODY = YES;
				CLANG_WARN_ENUM_CONVERSION = YES;
				CLANG_WARN_INT_CONVERSION = YES;
				CLANG_WARN_OBJC_ROOT_CLASS = YES_ERROR;
				CLANG_WARN_UNREACHABLE_CODE = YES;
				CLANG_WARN__DUPLICATE_METHOD_MATCH = YES;
				CODE_SIGN_IDENTITY = "iPhone Developer: Kuriakose Theakanath (N2RNQ2TJP2)";
				"CODE_SIGN_IDENTITY[sdk=iphoneos*]" = "";
				COPY_PHASE_STRIP = NO;
				ENABLE_STRICT_OBJC_MSGSEND = YES;
				GCC_C_LANGUAGE_STANDARD = gnu99;
				GCC_DYNAMIC_NO_PIC = NO;
				GCC_OPTIMIZATION_LEVEL = 0;
				GCC_PREPROCESSOR_DEFINITIONS = (
					"DEBUG=1",
					"$(inherited)",
				);
				GCC_SYMBOLS_PRIVATE_EXTERN = NO;
				GCC_WARN_64_TO_32_BIT_CONVERSION = YES;
				GCC_WARN_ABOUT_RETURN_TYPE = YES_ERROR;
				GCC_WARN_UNDECLARED_SELECTOR = YES;
				GCC_WARN_UNINITIALIZED_AUTOS = YES_AGGRESSIVE;
				GCC_WARN_UNUSED_FUNCTION = YES;
				GCC_WARN_UNUSED_VARIABLE = YES;
				IPHONEOS_DEPLOYMENT_TARGET = 8.0;
				MTL_ENABLE_DEBUG_INFO = YES;
				ONLY_ACTIVE_ARCH = YES;
				PROVISIONING_PROFILE = "";
				SDKROOT = iphoneos;
			};
			name = Debug;
		};
		29EB242719E9292600D7AA97 /* Release */ = {
			isa = XCBuildConfiguration;
			buildSettings = {
				ALWAYS_SEARCH_USER_PATHS = NO;
				CLANG_CXX_LANGUAGE_STANDARD = "gnu++0x";
				CLANG_CXX_LIBRARY = "libc++";
				CLANG_ENABLE_MODULES = YES;
				CLANG_ENABLE_OBJC_ARC = YES;
				CLANG_WARN_BOOL_CONVERSION = YES;
				CLANG_WARN_CONSTANT_CONVERSION = YES;
				CLANG_WARN_DIRECT_OBJC_ISA_USAGE = YES_ERROR;
				CLANG_WARN_EMPTY_BODY = YES;
				CLANG_WARN_ENUM_CONVERSION = YES;
				CLANG_WARN_INT_CONVERSION = YES;
				CLANG_WARN_OBJC_ROOT_CLASS = YES_ERROR;
				CLANG_WARN_UNREACHABLE_CODE = YES;
				CLANG_WARN__DUPLICATE_METHOD_MATCH = YES;
				CODE_SIGN_IDENTITY = "iPhone Developer: Kuriakose Theakanath (N2RNQ2TJP2)";
				"CODE_SIGN_IDENTITY[sdk=iphoneos*]" = "";
				COPY_PHASE_STRIP = YES;
				ENABLE_NS_ASSERTIONS = NO;
				ENABLE_STRICT_OBJC_MSGSEND = YES;
				GCC_C_LANGUAGE_STANDARD = gnu99;
				GCC_WARN_64_TO_32_BIT_CONVERSION = YES;
				GCC_WARN_ABOUT_RETURN_TYPE = YES_ERROR;
				GCC_WARN_UNDECLARED_SELECTOR = YES;
				GCC_WARN_UNINITIALIZED_AUTOS = YES_AGGRESSIVE;
				GCC_WARN_UNUSED_FUNCTION = YES;
				GCC_WARN_UNUSED_VARIABLE = YES;
				IPHONEOS_DEPLOYMENT_TARGET = 8.0;
				MTL_ENABLE_DEBUG_INFO = NO;
				PROVISIONING_PROFILE = "";
				SDKROOT = iphoneos;
				VALIDATE_PRODUCT = NO;
			};
			name = Release;
		};
		29EB242919E9292600D7AA97 /* Debug */ = {
			isa = XCBuildConfiguration;
			buildSettings = {
				ASSETCATALOG_COMPILER_APPICON_NAME = AppIcon;
				ASSETCATALOG_COMPILER_LAUNCHIMAGE_NAME = LaunchImage;
				CODE_SIGN_IDENTITY = "iPhone Developer";
				"CODE_SIGN_IDENTITY[sdk=iphoneos*]" = "iPhone Developer";
				FRAMEWORK_SEARCH_PATHS = (
					"$(inherited)",
					"$(PROJECT_DIR)/Frameworks",
				);
				INFOPLIST_FILE = app/Info.plist;
				IPHONEOS_DEPLOYMENT_TARGET = 7.0;
				LD_RUNPATH_SEARCH_PATHS = "$(inherited) @executable_path/Frameworks";
				OTHER_LDFLAGS = "-ObjC";
				PRODUCT_NAME = Revibe;
				PROVISIONING_PROFILE = "";
				TARGETED_DEVICE_FAMILY = 1;
			};
			name = Debug;
		};
		29EB242A19E9292600D7AA97 /* Release */ = {
			isa = XCBuildConfiguration;
			buildSettings = {
				ASSETCATALOG_COMPILER_APPICON_NAME = AppIcon;
				ASSETCATALOG_COMPILER_LAUNCHIMAGE_NAME = LaunchImage;
				CODE_SIGN_IDENTITY = "iPhone Developer";
				"CODE_SIGN_IDENTITY[sdk=iphoneos*]" = "iPhone Developer";
				FRAMEWORK_SEARCH_PATHS = (
					"$(inherited)",
					"$(PROJECT_DIR)/Frameworks",
				);
				INFOPLIST_FILE = app/Info.plist;
				IPHONEOS_DEPLOYMENT_TARGET = 7.0;
				LD_RUNPATH_SEARCH_PATHS = "$(inherited) @executable_path/Frameworks";
				OTHER_LDFLAGS = "-ObjC";
				PRODUCT_NAME = Revibe;
				PROVISIONING_PROFILE = "";
				TARGETED_DEVICE_FAMILY = 1;
			};
			name = Release;
		};
		525624221A660E9000ABF2B6 /* Distribution */ = {
			isa = XCBuildConfiguration;
			buildSettings = {
				ALWAYS_SEARCH_USER_PATHS = NO;
				CLANG_CXX_LANGUAGE_STANDARD = "gnu++0x";
				CLANG_CXX_LIBRARY = "libc++";
				CLANG_ENABLE_MODULES = YES;
				CLANG_ENABLE_OBJC_ARC = YES;
				CLANG_WARN_BOOL_CONVERSION = YES;
				CLANG_WARN_CONSTANT_CONVERSION = YES;
				CLANG_WARN_DIRECT_OBJC_ISA_USAGE = YES_ERROR;
				CLANG_WARN_EMPTY_BODY = YES;
				CLANG_WARN_ENUM_CONVERSION = YES;
				CLANG_WARN_INT_CONVERSION = YES;
				CLANG_WARN_OBJC_ROOT_CLASS = YES_ERROR;
				CLANG_WARN_UNREACHABLE_CODE = YES;
				CLANG_WARN__DUPLICATE_METHOD_MATCH = YES;
				CODE_SIGN_IDENTITY = "iPhone Developer: Kuriakose Theakanath (N2RNQ2TJP2)";
				"CODE_SIGN_IDENTITY[sdk=iphoneos*]" = "";
				COPY_PHASE_STRIP = YES;
				ENABLE_NS_ASSERTIONS = NO;
				ENABLE_STRICT_OBJC_MSGSEND = YES;
				GCC_C_LANGUAGE_STANDARD = gnu99;
				GCC_WARN_64_TO_32_BIT_CONVERSION = YES;
				GCC_WARN_ABOUT_RETURN_TYPE = YES_ERROR;
				GCC_WARN_UNDECLARED_SELECTOR = YES;
				GCC_WARN_UNINITIALIZED_AUTOS = YES_AGGRESSIVE;
				GCC_WARN_UNUSED_FUNCTION = YES;
				GCC_WARN_UNUSED_VARIABLE = YES;
				IPHONEOS_DEPLOYMENT_TARGET = 8.0;
				MTL_ENABLE_DEBUG_INFO = NO;
				PROVISIONING_PROFILE = "";
				SDKROOT = iphoneos;
				VALIDATE_PRODUCT = NO;
			};
			name = Distribution;
		};
		525624231A660E9000ABF2B6 /* Distribution */ = {
			isa = XCBuildConfiguration;
			buildSettings = {
				ASSETCATALOG_COMPILER_APPICON_NAME = AppIcon;
				ASSETCATALOG_COMPILER_LAUNCHIMAGE_NAME = LaunchImage;
				CODE_SIGN_IDENTITY = "iPhone Developer";
				"CODE_SIGN_IDENTITY[sdk=iphoneos*]" = "iPhone Developer";
				FRAMEWORK_SEARCH_PATHS = (
					"$(inherited)",
					"$(PROJECT_DIR)/Frameworks",
				);
				INFOPLIST_FILE = app/Info.plist;
				IPHONEOS_DEPLOYMENT_TARGET = 7.0;
				LD_RUNPATH_SEARCH_PATHS = "$(inherited) @executable_path/Frameworks";
				OTHER_LDFLAGS = "-ObjC";
				PRODUCT_NAME = Revibe;
				PROVISIONING_PROFILE = "";
				TARGETED_DEVICE_FAMILY = 1;
			};
			name = Distribution;
		};
/* End XCBuildConfiguration section */

/* Begin XCConfigurationList section */
		29EB240019E9292500D7AA97 /* Build configuration list for PBXProject "Revibe" */ = {
			isa = XCConfigurationList;
			buildConfigurations = (
				29EB242619E9292600D7AA97 /* Debug */,
				29EB242719E9292600D7AA97 /* Release */,
				525624221A660E9000ABF2B6 /* Distribution */,
			);
			defaultConfigurationIsVisible = 0;
			defaultConfigurationName = Release;
		};
		29EB242819E9292600D7AA97 /* Build configuration list for PBXNativeTarget "Revibe" */ = {
			isa = XCConfigurationList;
			buildConfigurations = (
				29EB242919E9292600D7AA97 /* Debug */,
				29EB242A19E9292600D7AA97 /* Release */,
				525624231A660E9000ABF2B6 /* Distribution */,
			);
			defaultConfigurationIsVisible = 0;
			defaultConfigurationName = Release;
		};
/* End XCConfigurationList section */
	};
	rootObject = 29EB23FD19E9292500D7AA97 /* Project object */;
}
